// !$*UTF8*$!
{
	archiveVersion = 1;
	classes = {
	};
	objectVersion = 56;
	objects = {

/* Begin PBXBuildFile section */
		0A04628029A637DF00E70D0B /* UIImage.swift in Sources */ = {isa = PBXBuildFile; fileRef = 0A04627F29A637DF00E70D0B /* UIImage.swift */; };
		0A0BCFD729A1DF9E0082B2DD /* UIAlertController.swift in Sources */ = {isa = PBXBuildFile; fileRef = 0A0BCFD629A1DF9E0082B2DD /* UIAlertController.swift */; };
		0A0CB909299F7E8A0086AA9B /* SceneDelegate.swift in Sources */ = {isa = PBXBuildFile; fileRef = 0A0CB908299F7E8A0086AA9B /* SceneDelegate.swift */; };
		0A0CB90D299F8D400086AA9B /* UILabelStyle.swift in Sources */ = {isa = PBXBuildFile; fileRef = 0A0CB90C299F8D400086AA9B /* UILabelStyle.swift */; };
		0A0CB90F299F8FC10086AA9B /* ImageViewContentMode.swift in Sources */ = {isa = PBXBuildFile; fileRef = 0A0CB90E299F8FC10086AA9B /* ImageViewContentMode.swift */; };
		0A0CB912299F91CE0086AA9B /* ConfirmView.swift in Sources */ = {isa = PBXBuildFile; fileRef = 0A0CB911299F91CE0086AA9B /* ConfirmView.swift */; };
		0A0CB914299F964F0086AA9B /* UIViewStyle.swift in Sources */ = {isa = PBXBuildFile; fileRef = 0A0CB913299F964F0086AA9B /* UIViewStyle.swift */; };
		0A0CB917299F9AA10086AA9B /* UIView_addSubviews.swift in Sources */ = {isa = PBXBuildFile; fileRef = 0A0CB916299F9AA10086AA9B /* UIView_addSubviews.swift */; };
		0A0CB91A299FB5970086AA9B /* InitialStartTableAdapter.swift in Sources */ = {isa = PBXBuildFile; fileRef = 0A0CB919299FB5970086AA9B /* InitialStartTableAdapter.swift */; };
		0A0CB91C299FB7DD0086AA9B /* UITableViewStyle.swift in Sources */ = {isa = PBXBuildFile; fileRef = 0A0CB91B299FB7DD0086AA9B /* UITableViewStyle.swift */; };
		0A0CB926299FB96B0086AA9B /* MainHeaderCellViewModel.swift in Sources */ = {isa = PBXBuildFile; fileRef = 0A0CB925299FB96B0086AA9B /* MainHeaderCellViewModel.swift */; };
		0A0CB928299FB97A0086AA9B /* MainHeaderCell.swift in Sources */ = {isa = PBXBuildFile; fileRef = 0A0CB927299FB97A0086AA9B /* MainHeaderCell.swift */; };
		0A0CB92A299FBAF50086AA9B /* InitialStartTextCell.swift in Sources */ = {isa = PBXBuildFile; fileRef = 0A0CB929299FBAF50086AA9B /* InitialStartTextCell.swift */; };
		0A0CB92C299FBB0F0086AA9B /* InitialStartTextCellViewModel.swift in Sources */ = {isa = PBXBuildFile; fileRef = 0A0CB92B299FBB0F0086AA9B /* InitialStartTextCellViewModel.swift */; };
		0A0CB92E299FBC1E0086AA9B /* InitialStartPictureCell.swift in Sources */ = {isa = PBXBuildFile; fileRef = 0A0CB92D299FBC1E0086AA9B /* InitialStartPictureCell.swift */; };
		0A0CB930299FBC290086AA9B /* InitialStartPictureCellViewModel.swift in Sources */ = {isa = PBXBuildFile; fileRef = 0A0CB92F299FBC290086AA9B /* InitialStartPictureCellViewModel.swift */; };
		0A0CB933299FC01D0086AA9B /* InitialStartPack.swift in Sources */ = {isa = PBXBuildFile; fileRef = 0A0CB932299FC01D0086AA9B /* InitialStartPack.swift */; };
		0A1FE8772997AC5D00DAEBC2 /* AppDelegate.swift in Sources */ = {isa = PBXBuildFile; fileRef = 0A1FE8762997AC5D00DAEBC2 /* AppDelegate.swift */; };
		0A1FE8812997AC5D00DAEBC2 /* Shapely.xcdatamodeld in Sources */ = {isa = PBXBuildFile; fileRef = 0A1FE87F2997AC5D00DAEBC2 /* Shapely.xcdatamodeld */; };
		0A1FE8832997AC5E00DAEBC2 /* Assets.xcassets in Resources */ = {isa = PBXBuildFile; fileRef = 0A1FE8822997AC5E00DAEBC2 /* Assets.xcassets */; };
		0A1FE8862997AC5E00DAEBC2 /* LaunchScreen.storyboard in Resources */ = {isa = PBXBuildFile; fileRef = 0A1FE8842997AC5E00DAEBC2 /* LaunchScreen.storyboard */; };
		0A1FE8912997B17900DAEBC2 /* MainCoordinator.swift in Sources */ = {isa = PBXBuildFile; fileRef = 0A1FE8902997B17900DAEBC2 /* MainCoordinator.swift */; };
		0A1FE8942997B1D600DAEBC2 /* AppAssembly.swift in Sources */ = {isa = PBXBuildFile; fileRef = 0A1FE8932997B1D600DAEBC2 /* AppAssembly.swift */; };
		0A1FE9C22997B61600DAEBC2 /* NSObject+ClassName.swift in Sources */ = {isa = PBXBuildFile; fileRef = 0A1FE8B82997B61600DAEBC2 /* NSObject+ClassName.swift */; };
		0A1FE9C52997B61600DAEBC2 /* Functions.swift in Sources */ = {isa = PBXBuildFile; fileRef = 0A1FE8BB2997B61600DAEBC2 /* Functions.swift */; };
		0A1FE9C82997B61600DAEBC2 /* PropsProducerConsumer.swift in Sources */ = {isa = PBXBuildFile; fileRef = 0A1FE8BE2997B61600DAEBC2 /* PropsProducerConsumer.swift */; };
		0A1FE9CA2997B61600DAEBC2 /* SwinjectExtensions.swift in Sources */ = {isa = PBXBuildFile; fileRef = 0A1FE8C02997B61600DAEBC2 /* SwinjectExtensions.swift */; };
		0A1FE9DD2997B61600DAEBC2 /* MainAppDelegate.swift in Sources */ = {isa = PBXBuildFile; fileRef = 0A1FE8D52997B61600DAEBC2 /* MainAppDelegate.swift */; };
		0A1FE9DE2997B61600DAEBC2 /* Grid.swift in Sources */ = {isa = PBXBuildFile; fileRef = 0A1FE8D62997B61600DAEBC2 /* Grid.swift */; };
		0A1FE9DF2997B61600DAEBC2 /* Typography.swift in Sources */ = {isa = PBXBuildFile; fileRef = 0A1FE8D82997B61600DAEBC2 /* Typography.swift */; };
		0A1FE9E02997B61600DAEBC2 /* Stylable.swift in Sources */ = {isa = PBXBuildFile; fileRef = 0A1FE8D92997B61600DAEBC2 /* Stylable.swift */; };
		0A1FE9E12997B61600DAEBC2 /* ColorPalette.swift in Sources */ = {isa = PBXBuildFile; fileRef = 0A1FE8DA2997B61600DAEBC2 /* ColorPalette.swift */; };
		0A1FE9E22997B61600DAEBC2 /* Theme.swift in Sources */ = {isa = PBXBuildFile; fileRef = 0A1FE8DB2997B61600DAEBC2 /* Theme.swift */; };
		0A1FEA732997B61600DAEBC2 /* PreparableHeaderCollectionCell.swift in Sources */ = {isa = PBXBuildFile; fileRef = 0A1FE9932997B61600DAEBC2 /* PreparableHeaderCollectionCell.swift */; };
		0A1FEA742997B61600DAEBC2 /* PreparableCollectionCell.swift in Sources */ = {isa = PBXBuildFile; fileRef = 0A1FE9942997B61600DAEBC2 /* PreparableCollectionCell.swift */; };
		0A1FEA752997B61600DAEBC2 /* PreparableHeaderTableCell.swift in Sources */ = {isa = PBXBuildFile; fileRef = 0A1FE9952997B61600DAEBC2 /* PreparableHeaderTableCell.swift */; };
		0A1FEA762997B61600DAEBC2 /* PreparableTableCell.swift in Sources */ = {isa = PBXBuildFile; fileRef = 0A1FE9962997B61600DAEBC2 /* PreparableTableCell.swift */; };
		0A1FEA772997B61600DAEBC2 /* AppModule.swift in Sources */ = {isa = PBXBuildFile; fileRef = 0A1FE9992997B61600DAEBC2 /* AppModule.swift */; };
		0A1FEA782997B61600DAEBC2 /* RootNavigationController.swift in Sources */ = {isa = PBXBuildFile; fileRef = 0A1FE99B2997B61600DAEBC2 /* RootNavigationController.swift */; };
		0A1FEA792997B61600DAEBC2 /* AppRouter.swift in Sources */ = {isa = PBXBuildFile; fileRef = 0A1FE99C2997B61600DAEBC2 /* AppRouter.swift */; };
		0A1FEA7A2997B61600DAEBC2 /* AppRouterImp.swift in Sources */ = {isa = PBXBuildFile; fileRef = 0A1FE99D2997B61600DAEBC2 /* AppRouterImp.swift */; };
		0A1FEA7B2997B61600DAEBC2 /* AppRouter+Extension.swift in Sources */ = {isa = PBXBuildFile; fileRef = 0A1FE99E2997B61600DAEBC2 /* AppRouter+Extension.swift */; };
		0A1FEA7C2997B61600DAEBC2 /* PreparableViewModel.swift in Sources */ = {isa = PBXBuildFile; fileRef = 0A1FE99F2997B61600DAEBC2 /* PreparableViewModel.swift */; };
		0A1FEA7D2997B61600DAEBC2 /* Preparable.swift in Sources */ = {isa = PBXBuildFile; fileRef = 0A1FE9A02997B61600DAEBC2 /* Preparable.swift */; };
		0A1FEA7F2997B61600DAEBC2 /* Command.swift in Sources */ = {isa = PBXBuildFile; fileRef = 0A1FE9A32997B61600DAEBC2 /* Command.swift */; };
		0A1FEA802997B61600DAEBC2 /* Weakify.swift in Sources */ = {isa = PBXBuildFile; fileRef = 0A1FE9A42997B61600DAEBC2 /* Weakify.swift */; };
		0A20A0DD29B6F20F00CEA48E /* HomeModule.swift in Sources */ = {isa = PBXBuildFile; fileRef = 0A20A0D729B6F20F00CEA48E /* HomeModule.swift */; };
		0A20A0DE29B6F20F00CEA48E /* HomePresenter.swift in Sources */ = {isa = PBXBuildFile; fileRef = 0A20A0D829B6F20F00CEA48E /* HomePresenter.swift */; };
		0A20A0DF29B6F20F00CEA48E /* HomeRouter.swift in Sources */ = {isa = PBXBuildFile; fileRef = 0A20A0D929B6F20F00CEA48E /* HomeRouter.swift */; };
		0A20A0E029B6F20F00CEA48E /* HomeViewController.swift in Sources */ = {isa = PBXBuildFile; fileRef = 0A20A0DA29B6F20F00CEA48E /* HomeViewController.swift */; };
		0A20A0E129B6F20F00CEA48E /* HomeTableAdapter.swift in Sources */ = {isa = PBXBuildFile; fileRef = 0A20A0DB29B6F20F00CEA48E /* HomeTableAdapter.swift */; };
		0A20A0E229B6F20F00CEA48E /* HomeServiceProvider.swift in Sources */ = {isa = PBXBuildFile; fileRef = 0A20A0DC29B6F20F00CEA48E /* HomeServiceProvider.swift */; };
		0A20A0E429B6F78B00CEA48E /* MainControlHeaderCell.swift in Sources */ = {isa = PBXBuildFile; fileRef = 0A20A0E329B6F78B00CEA48E /* MainControlHeaderCell.swift */; };
		0A20A0E629B6FC2400CEA48E /* MainControlHeaderCellViewModel.swift in Sources */ = {isa = PBXBuildFile; fileRef = 0A20A0E529B6FC2400CEA48E /* MainControlHeaderCellViewModel.swift */; };
		0A20A0EC29B733E900CEA48E /* CaloriesCellViewModel.swift in Sources */ = {isa = PBXBuildFile; fileRef = 0A20A0EB29B733E900CEA48E /* CaloriesCellViewModel.swift */; };
		0A20A0EE29B733F900CEA48E /* CaloriesCell.swift in Sources */ = {isa = PBXBuildFile; fileRef = 0A20A0ED29B733F900CEA48E /* CaloriesCell.swift */; };
		0A20A0F029B738A600CEA48E /* EditingCellStack.swift in Sources */ = {isa = PBXBuildFile; fileRef = 0A20A0EF29B738A600CEA48E /* EditingCellStack.swift */; };
		0A20A0F229B73E5200CEA48E /* UIStackViewStyle.swift in Sources */ = {isa = PBXBuildFile; fileRef = 0A20A0F129B73E5200CEA48E /* UIStackViewStyle.swift */; };
		0A20A0F429B7506500CEA48E /* PhotoProgressCell.swift in Sources */ = {isa = PBXBuildFile; fileRef = 0A20A0F329B7506500CEA48E /* PhotoProgressCell.swift */; };
		0A20A0F629B7507200CEA48E /* PhotoProgressCellViewModel.swift in Sources */ = {isa = PBXBuildFile; fileRef = 0A20A0F529B7507200CEA48E /* PhotoProgressCellViewModel.swift */; };
		0A20A0F829B7508E00CEA48E /* AddWidgetCell.swift in Sources */ = {isa = PBXBuildFile; fileRef = 0A20A0F729B7508E00CEA48E /* AddWidgetCell.swift */; };
		0A20A0FA29B7509A00CEA48E /* AddWidgetCellViewModel.swift in Sources */ = {isa = PBXBuildFile; fileRef = 0A20A0F929B7509A00CEA48E /* AddWidgetCellViewModel.swift */; };
		0A20A0FC29B77E5D00CEA48E /* WidgetInfoPack.swift in Sources */ = {isa = PBXBuildFile; fileRef = 0A20A0FB29B77E5D00CEA48E /* WidgetInfoPack.swift */; };
		0A33B41F29A233B600F2685B /* DateFormat.swift in Sources */ = {isa = PBXBuildFile; fileRef = 0A33B41E29A233B600F2685B /* DateFormat.swift */; };
		0A33B42129A238F600F2685B /* InitialStartTapeCell.swift in Sources */ = {isa = PBXBuildFile; fileRef = 0A33B42029A238F600F2685B /* InitialStartTapeCell.swift */; };
		0A33B42329A2390900F2685B /* InitialStartTapeCellViewModel.swift in Sources */ = {isa = PBXBuildFile; fileRef = 0A33B42229A2390900F2685B /* InitialStartTapeCellViewModel.swift */; };
		0A33B42B29A23E3300F2685B /* ActivityLevelModule.swift in Sources */ = {isa = PBXBuildFile; fileRef = 0A33B42529A23E3300F2685B /* ActivityLevelModule.swift */; };
		0A33B42C29A23E3300F2685B /* ActivityLevelPresenter.swift in Sources */ = {isa = PBXBuildFile; fileRef = 0A33B42629A23E3300F2685B /* ActivityLevelPresenter.swift */; };
		0A33B42D29A23E3300F2685B /* ActivityLevelRouter.swift in Sources */ = {isa = PBXBuildFile; fileRef = 0A33B42729A23E3300F2685B /* ActivityLevelRouter.swift */; };
		0A33B42E29A23E3300F2685B /* ActivityLevelViewController.swift in Sources */ = {isa = PBXBuildFile; fileRef = 0A33B42829A23E3300F2685B /* ActivityLevelViewController.swift */; };
		0A33B42F29A23E3300F2685B /* ActivityLevelTableAdapter.swift in Sources */ = {isa = PBXBuildFile; fileRef = 0A33B42929A23E3300F2685B /* ActivityLevelTableAdapter.swift */; };
		0A33B43029A23E3300F2685B /* ActivityLevelServiceProvider.swift in Sources */ = {isa = PBXBuildFile; fileRef = 0A33B42A29A23E3300F2685B /* ActivityLevelServiceProvider.swift */; };
		0A33B43429A2400100F2685B /* ActivityLevelInfoCell.swift in Sources */ = {isa = PBXBuildFile; fileRef = 0A33B43329A2400100F2685B /* ActivityLevelInfoCell.swift */; };
		0A33B43729A2404800F2685B /* ActivityLevelInfoCellViewModel.swift in Sources */ = {isa = PBXBuildFile; fileRef = 0A33B43629A2404800F2685B /* ActivityLevelInfoCellViewModel.swift */; };
		0A33B43929A2534400F2685B /* UINavigationBarStyle.swift in Sources */ = {isa = PBXBuildFile; fileRef = 0A33B43829A2534400F2685B /* UINavigationBarStyle.swift */; };
		0AA2806329A4E8C00064BBB6 /* DialogController.swift in Sources */ = {isa = PBXBuildFile; fileRef = 0AA2806229A4E8C00064BBB6 /* DialogController.swift */; };
		0AA2806529A507620064BBB6 /* UITextFieldStyle.swift in Sources */ = {isa = PBXBuildFile; fileRef = 0AA2806429A507620064BBB6 /* UITextFieldStyle.swift */; };
		0AD5FB13299BC3AA0096FAF6 /* Inter-SemiBold.ttf in Resources */ = {isa = PBXBuildFile; fileRef = 0AD5FB0A299BC3A90096FAF6 /* Inter-SemiBold.ttf */; };
		0AD5FB15299BC3AA0096FAF6 /* Inter-Medium.ttf in Resources */ = {isa = PBXBuildFile; fileRef = 0AD5FB0C299BC3AA0096FAF6 /* Inter-Medium.ttf */; };
		0AD5FB16299BC3AA0096FAF6 /* Inter-Regular.ttf in Resources */ = {isa = PBXBuildFile; fileRef = 0AD5FB0D299BC3AA0096FAF6 /* Inter-Regular.ttf */; };
		0AD5FB18299BC3AA0096FAF6 /* Inter-Thin.ttf in Resources */ = {isa = PBXBuildFile; fileRef = 0AD5FB0F299BC3AA0096FAF6 /* Inter-Thin.ttf */; };
		0AD5FB1B299BC3AA0096FAF6 /* Inter-Bold.ttf in Resources */ = {isa = PBXBuildFile; fileRef = 0AD5FB12299BC3AA0096FAF6 /* Inter-Bold.ttf */; };
		0ADE9940299910F3001EE33E /* DefaultColorPalette.swift in Sources */ = {isa = PBXBuildFile; fileRef = 0ADE993D299910F3001EE33E /* DefaultColorPalette.swift */; };
		0ADE9941299910F3001EE33E /* DefaultTheme.swift in Sources */ = {isa = PBXBuildFile; fileRef = 0ADE993E299910F3001EE33E /* DefaultTheme.swift */; };
		0ADE9942299910F3001EE33E /* DefaultTypography.swift in Sources */ = {isa = PBXBuildFile; fileRef = 0ADE993F299910F3001EE33E /* DefaultTypography.swift */; };
		0ADE995529991DC7001EE33E /* LaunchModule.swift in Sources */ = {isa = PBXBuildFile; fileRef = 0ADE994F29991DC7001EE33E /* LaunchModule.swift */; };
		0ADE995629991DC7001EE33E /* LaunchPresenter.swift in Sources */ = {isa = PBXBuildFile; fileRef = 0ADE995029991DC7001EE33E /* LaunchPresenter.swift */; };
		0ADE995729991DC7001EE33E /* LaunchRouter.swift in Sources */ = {isa = PBXBuildFile; fileRef = 0ADE995129991DC7001EE33E /* LaunchRouter.swift */; };
		0ADE995829991DC7001EE33E /* LaunchViewController.swift in Sources */ = {isa = PBXBuildFile; fileRef = 0ADE995229991DC7001EE33E /* LaunchViewController.swift */; };
		0ADE995A29991DC7001EE33E /* LaunchServiceProvider.swift in Sources */ = {isa = PBXBuildFile; fileRef = 0ADE995429991DC7001EE33E /* LaunchServiceProvider.swift */; };
		0AE35E1529A0847700FEFD58 /* InitialStartSegmentCell.swift in Sources */ = {isa = PBXBuildFile; fileRef = 0AE35E1429A0847700FEFD58 /* InitialStartSegmentCell.swift */; };
		0AE35E1729A0848B00FEFD58 /* InitialStartSegmentCellViewModel.swift in Sources */ = {isa = PBXBuildFile; fileRef = 0AE35E1629A0848B00FEFD58 /* InitialStartSegmentCellViewModel.swift */; };
		0AE35E1929A084CA00FEFD58 /* InitialStartTitleCell.swift in Sources */ = {isa = PBXBuildFile; fileRef = 0AE35E1829A084CA00FEFD58 /* InitialStartTitleCell.swift */; };
		0AE35E1B29A084E200FEFD58 /* InitialStartDataCell.swift in Sources */ = {isa = PBXBuildFile; fileRef = 0AE35E1A29A084E200FEFD58 /* InitialStartDataCell.swift */; };
		0AE35E1D29A084F600FEFD58 /* InitialStartDataCellViewModel.swift in Sources */ = {isa = PBXBuildFile; fileRef = 0AE35E1C29A084F600FEFD58 /* InitialStartDataCellViewModel.swift */; };
		0AE35E1F29A0850700FEFD58 /* InitialStartTitleCellViewModel.swift in Sources */ = {isa = PBXBuildFile; fileRef = 0AE35E1E29A0850700FEFD58 /* InitialStartTitleCellViewModel.swift */; };
		0AE35E2129A08F3C00FEFD58 /* UISegmentedControlStyle.swift in Sources */ = {isa = PBXBuildFile; fileRef = 0AE35E2029A08F3C00FEFD58 /* UISegmentedControlStyle.swift */; };
		0AE35E2629A0A03800FEFD58 /* Gender.swift in Sources */ = {isa = PBXBuildFile; fileRef = 0AE35E2529A0A03800FEFD58 /* Gender.swift */; };
		0AE35E2829A0A05200FEFD58 /* UserTarget.swift in Sources */ = {isa = PBXBuildFile; fileRef = 0AE35E2729A0A05200FEFD58 /* UserTarget.swift */; };
		0AE35E2A29A0A1FE00FEFD58 /* UserData.swift in Sources */ = {isa = PBXBuildFile; fileRef = 0AE35E2929A0A1FE00FEFD58 /* UserData.swift */; };
		0AE35E2C29A0A44400FEFD58 /* ActivityLevel.swift in Sources */ = {isa = PBXBuildFile; fileRef = 0AE35E2B29A0A44400FEFD58 /* ActivityLevel.swift */; };
		0AE35E2E29A0A56F00FEFD58 /* TreckingParameter.swift in Sources */ = {isa = PBXBuildFile; fileRef = 0AE35E2D29A0A56F00FEFD58 /* TreckingParameter.swift */; };
		0AE35E3029A0D29800FEFD58 /* UICalendarViewStyle.swift in Sources */ = {isa = PBXBuildFile; fileRef = 0AE35E2F29A0D29800FEFD58 /* UICalendarViewStyle.swift */; };
		0AE35E3229A0E9E000FEFD58 /* CalendarView.swift in Sources */ = {isa = PBXBuildFile; fileRef = 0AE35E3129A0E9E000FEFD58 /* CalendarView.swift */; };
		0AE35E3529A0FFEC00FEFD58 /* UIButtonStyle.swift in Sources */ = {isa = PBXBuildFile; fileRef = 0AE35E3429A0FFEC00FEFD58 /* UIButtonStyle.swift */; };
		0AE35E3729A1051A00FEFD58 /* UIToolbarStyle.swift in Sources */ = {isa = PBXBuildFile; fileRef = 0AE35E3629A1051A00FEFD58 /* UIToolbarStyle.swift */; };
		0AE35E3B29A10E7200FEFD58 /* InitialStartMapper.swift in Sources */ = {isa = PBXBuildFile; fileRef = 0AE35E3A29A10E7200FEFD58 /* InitialStartMapper.swift */; };
		0AE437BB29A343F500B43A4B /* InitialStartParameterCell.swift in Sources */ = {isa = PBXBuildFile; fileRef = 0AE437BA29A343F500B43A4B /* InitialStartParameterCell.swift */; };
		0AE437BD29A3440500B43A4B /* InitialStartParameterCellViewModel.swift in Sources */ = {isa = PBXBuildFile; fileRef = 0AE437BC29A3440500B43A4B /* InitialStartParameterCellViewModel.swift */; };
		0AE437BF29A35E5C00B43A4B /* InitialStartEditCell.swift in Sources */ = {isa = PBXBuildFile; fileRef = 0AE437BE29A35E5C00B43A4B /* InitialStartEditCell.swift */; };
		0AE437C129A35E7400B43A4B /* InitialStartEditCellViewModel.swift in Sources */ = {isa = PBXBuildFile; fileRef = 0AE437C029A35E7400B43A4B /* InitialStartEditCellViewModel.swift */; };
		0AE437C329A3629000B43A4B /* Measure.swift in Sources */ = {isa = PBXBuildFile; fileRef = 0AE437C229A3629000B43A4B /* Measure.swift */; };
		0AE437CB29A3783600B43A4B /* InitialStartTapeUnitCell.swift in Sources */ = {isa = PBXBuildFile; fileRef = 0AE437CA29A3783600B43A4B /* InitialStartTapeUnitCell.swift */; };
		0AE437CD29A3785100B43A4B /* InitialStartTapeUnitCellViewModel.swift in Sources */ = {isa = PBXBuildFile; fileRef = 0AE437CC29A3785100B43A4B /* InitialStartTapeUnitCellViewModel.swift */; };
		0AE437D129A37C7200B43A4B /* UICollectionViewStyle.swift in Sources */ = {isa = PBXBuildFile; fileRef = 0AE437CF29A37C7200B43A4B /* UICollectionViewStyle.swift */; };
		0AE437D229A37C7200B43A4B /* UICollectionViewFlowLayoutStyle.swift in Sources */ = {isa = PBXBuildFile; fileRef = 0AE437D029A37C7200B43A4B /* UICollectionViewFlowLayoutStyle.swift */; };
		0AE50D00299D208C001A67D8 /* LabelFont.swift in Sources */ = {isa = PBXBuildFile; fileRef = 0AE50CFE299D208C001A67D8 /* LabelFont.swift */; };
		0AE50D01299D208C001A67D8 /* ViewBgColor.swift in Sources */ = {isa = PBXBuildFile; fileRef = 0AE50CFF299D208C001A67D8 /* ViewBgColor.swift */; };
		0AE50D0A299D2895001A67D8 /* InitialStartModule.swift in Sources */ = {isa = PBXBuildFile; fileRef = 0AE50D04299D2895001A67D8 /* InitialStartModule.swift */; };
		0AE50D0B299D2895001A67D8 /* InitialStartPresenter.swift in Sources */ = {isa = PBXBuildFile; fileRef = 0AE50D05299D2895001A67D8 /* InitialStartPresenter.swift */; };
		0AE50D0C299D2895001A67D8 /* InitialStartRouter.swift in Sources */ = {isa = PBXBuildFile; fileRef = 0AE50D06299D2895001A67D8 /* InitialStartRouter.swift */; };
		0AE50D0D299D2895001A67D8 /* InitialStartViewController.swift in Sources */ = {isa = PBXBuildFile; fileRef = 0AE50D07299D2895001A67D8 /* InitialStartViewController.swift */; };
		0AE50D0F299D2895001A67D8 /* InitialStartServiceProvider.swift in Sources */ = {isa = PBXBuildFile; fileRef = 0AE50D09299D2895001A67D8 /* InitialStartServiceProvider.swift */; };
		0AE50D12299D2DCF001A67D8 /* Localizable.strings in Resources */ = {isa = PBXBuildFile; fileRef = 0AE50D11299D2DCF001A67D8 /* Localizable.strings */; };
		0AF2D06C299B731C0054CC0B /* R.generated.swift in Sources */ = {isa = PBXBuildFile; fileRef = 0AF2D06B299B731C0054CC0B /* R.generated.swift */; };
		0AF47FC729A5EC2E00BFD70D /* CalorieCalculator.swift in Sources */ = {isa = PBXBuildFile; fileRef = 0AF47FC629A5EC2E00BFD70D /* CalorieCalculator.swift */; };
		C3F3A51DF5F91971266AA858 /* Pods_Shapely.framework in Frameworks */ = {isa = PBXBuildFile; fileRef = 1B0492989F8B5795C3C4DCFE /* Pods_Shapely.framework */; };
/* End PBXBuildFile section */

/* Begin PBXFileReference section */
		0A04627F29A637DF00E70D0B /* UIImage.swift */ = {isa = PBXFileReference; lastKnownFileType = sourcecode.swift; path = UIImage.swift; sourceTree = "<group>"; };
		0A0BCFD629A1DF9E0082B2DD /* UIAlertController.swift */ = {isa = PBXFileReference; fileEncoding = 4; lastKnownFileType = sourcecode.swift; path = UIAlertController.swift; sourceTree = "<group>"; };
		0A0CB908299F7E8A0086AA9B /* SceneDelegate.swift */ = {isa = PBXFileReference; fileEncoding = 4; lastKnownFileType = sourcecode.swift; path = SceneDelegate.swift; sourceTree = "<group>"; };
		0A0CB90C299F8D400086AA9B /* UILabelStyle.swift */ = {isa = PBXFileReference; fileEncoding = 4; lastKnownFileType = sourcecode.swift; path = UILabelStyle.swift; sourceTree = "<group>"; };
		0A0CB90E299F8FC10086AA9B /* ImageViewContentMode.swift */ = {isa = PBXFileReference; fileEncoding = 4; lastKnownFileType = sourcecode.swift; path = ImageViewContentMode.swift; sourceTree = "<group>"; };
		0A0CB911299F91CE0086AA9B /* ConfirmView.swift */ = {isa = PBXFileReference; lastKnownFileType = sourcecode.swift; path = ConfirmView.swift; sourceTree = "<group>"; };
		0A0CB913299F964F0086AA9B /* UIViewStyle.swift */ = {isa = PBXFileReference; fileEncoding = 4; lastKnownFileType = sourcecode.swift; path = UIViewStyle.swift; sourceTree = "<group>"; };
		0A0CB916299F9AA10086AA9B /* UIView_addSubviews.swift */ = {isa = PBXFileReference; fileEncoding = 4; lastKnownFileType = sourcecode.swift; path = UIView_addSubviews.swift; sourceTree = "<group>"; };
		0A0CB919299FB5970086AA9B /* InitialStartTableAdapter.swift */ = {isa = PBXFileReference; fileEncoding = 4; lastKnownFileType = sourcecode.swift; path = InitialStartTableAdapter.swift; sourceTree = "<group>"; };
		0A0CB91B299FB7DD0086AA9B /* UITableViewStyle.swift */ = {isa = PBXFileReference; fileEncoding = 4; lastKnownFileType = sourcecode.swift; path = UITableViewStyle.swift; sourceTree = "<group>"; };
		0A0CB925299FB96B0086AA9B /* MainHeaderCellViewModel.swift */ = {isa = PBXFileReference; lastKnownFileType = sourcecode.swift; path = MainHeaderCellViewModel.swift; sourceTree = "<group>"; };
		0A0CB927299FB97A0086AA9B /* MainHeaderCell.swift */ = {isa = PBXFileReference; lastKnownFileType = sourcecode.swift; path = MainHeaderCell.swift; sourceTree = "<group>"; };
		0A0CB929299FBAF50086AA9B /* InitialStartTextCell.swift */ = {isa = PBXFileReference; lastKnownFileType = sourcecode.swift; path = InitialStartTextCell.swift; sourceTree = "<group>"; };
		0A0CB92B299FBB0F0086AA9B /* InitialStartTextCellViewModel.swift */ = {isa = PBXFileReference; lastKnownFileType = sourcecode.swift; path = InitialStartTextCellViewModel.swift; sourceTree = "<group>"; };
		0A0CB92D299FBC1E0086AA9B /* InitialStartPictureCell.swift */ = {isa = PBXFileReference; lastKnownFileType = sourcecode.swift; path = InitialStartPictureCell.swift; sourceTree = "<group>"; };
		0A0CB92F299FBC290086AA9B /* InitialStartPictureCellViewModel.swift */ = {isa = PBXFileReference; lastKnownFileType = sourcecode.swift; path = InitialStartPictureCellViewModel.swift; sourceTree = "<group>"; };
		0A0CB932299FC01D0086AA9B /* InitialStartPack.swift */ = {isa = PBXFileReference; lastKnownFileType = sourcecode.swift; path = InitialStartPack.swift; sourceTree = "<group>"; };
		0A1FE8732997AC5D00DAEBC2 /* Shapely.app */ = {isa = PBXFileReference; explicitFileType = wrapper.application; includeInIndex = 0; path = Shapely.app; sourceTree = BUILT_PRODUCTS_DIR; };
		0A1FE8762997AC5D00DAEBC2 /* AppDelegate.swift */ = {isa = PBXFileReference; lastKnownFileType = sourcecode.swift; path = AppDelegate.swift; sourceTree = "<group>"; };
		0A1FE8802997AC5D00DAEBC2 /* Shapely.xcdatamodel */ = {isa = PBXFileReference; lastKnownFileType = wrapper.xcdatamodel; path = Shapely.xcdatamodel; sourceTree = "<group>"; };
		0A1FE8822997AC5E00DAEBC2 /* Assets.xcassets */ = {isa = PBXFileReference; lastKnownFileType = folder.assetcatalog; path = Assets.xcassets; sourceTree = "<group>"; };
		0A1FE8852997AC5E00DAEBC2 /* Base */ = {isa = PBXFileReference; lastKnownFileType = file.storyboard; name = Base; path = Base.lproj/LaunchScreen.storyboard; sourceTree = "<group>"; };
		0A1FE8872997AC5E00DAEBC2 /* Info.plist */ = {isa = PBXFileReference; lastKnownFileType = text.plist.xml; path = Info.plist; sourceTree = "<group>"; };
		0A1FE8902997B17900DAEBC2 /* MainCoordinator.swift */ = {isa = PBXFileReference; lastKnownFileType = sourcecode.swift; path = MainCoordinator.swift; sourceTree = "<group>"; };
		0A1FE8932997B1D600DAEBC2 /* AppAssembly.swift */ = {isa = PBXFileReference; lastKnownFileType = sourcecode.swift; path = AppAssembly.swift; sourceTree = "<group>"; };
		0A1FE8B82997B61600DAEBC2 /* NSObject+ClassName.swift */ = {isa = PBXFileReference; fileEncoding = 4; lastKnownFileType = sourcecode.swift; path = "NSObject+ClassName.swift"; sourceTree = "<group>"; };
		0A1FE8BB2997B61600DAEBC2 /* Functions.swift */ = {isa = PBXFileReference; fileEncoding = 4; lastKnownFileType = sourcecode.swift; path = Functions.swift; sourceTree = "<group>"; };
		0A1FE8BE2997B61600DAEBC2 /* PropsProducerConsumer.swift */ = {isa = PBXFileReference; fileEncoding = 4; lastKnownFileType = sourcecode.swift; path = PropsProducerConsumer.swift; sourceTree = "<group>"; };
		0A1FE8C02997B61600DAEBC2 /* SwinjectExtensions.swift */ = {isa = PBXFileReference; fileEncoding = 4; lastKnownFileType = sourcecode.swift; path = SwinjectExtensions.swift; sourceTree = "<group>"; };
		0A1FE8D52997B61600DAEBC2 /* MainAppDelegate.swift */ = {isa = PBXFileReference; fileEncoding = 4; lastKnownFileType = sourcecode.swift; path = MainAppDelegate.swift; sourceTree = "<group>"; };
		0A1FE8D62997B61600DAEBC2 /* Grid.swift */ = {isa = PBXFileReference; fileEncoding = 4; lastKnownFileType = sourcecode.swift; path = Grid.swift; sourceTree = "<group>"; };
		0A1FE8D82997B61600DAEBC2 /* Typography.swift */ = {isa = PBXFileReference; fileEncoding = 4; lastKnownFileType = sourcecode.swift; path = Typography.swift; sourceTree = "<group>"; };
		0A1FE8D92997B61600DAEBC2 /* Stylable.swift */ = {isa = PBXFileReference; fileEncoding = 4; lastKnownFileType = sourcecode.swift; path = Stylable.swift; sourceTree = "<group>"; };
		0A1FE8DA2997B61600DAEBC2 /* ColorPalette.swift */ = {isa = PBXFileReference; fileEncoding = 4; lastKnownFileType = sourcecode.swift; path = ColorPalette.swift; sourceTree = "<group>"; };
		0A1FE8DB2997B61600DAEBC2 /* Theme.swift */ = {isa = PBXFileReference; fileEncoding = 4; lastKnownFileType = sourcecode.swift; path = Theme.swift; sourceTree = "<group>"; };
		0A1FE9932997B61600DAEBC2 /* PreparableHeaderCollectionCell.swift */ = {isa = PBXFileReference; fileEncoding = 4; lastKnownFileType = sourcecode.swift; path = PreparableHeaderCollectionCell.swift; sourceTree = "<group>"; };
		0A1FE9942997B61600DAEBC2 /* PreparableCollectionCell.swift */ = {isa = PBXFileReference; fileEncoding = 4; lastKnownFileType = sourcecode.swift; path = PreparableCollectionCell.swift; sourceTree = "<group>"; };
		0A1FE9952997B61600DAEBC2 /* PreparableHeaderTableCell.swift */ = {isa = PBXFileReference; fileEncoding = 4; lastKnownFileType = sourcecode.swift; path = PreparableHeaderTableCell.swift; sourceTree = "<group>"; };
		0A1FE9962997B61600DAEBC2 /* PreparableTableCell.swift */ = {isa = PBXFileReference; fileEncoding = 4; lastKnownFileType = sourcecode.swift; path = PreparableTableCell.swift; sourceTree = "<group>"; };
		0A1FE9992997B61600DAEBC2 /* AppModule.swift */ = {isa = PBXFileReference; fileEncoding = 4; lastKnownFileType = sourcecode.swift; path = AppModule.swift; sourceTree = "<group>"; };
		0A1FE99B2997B61600DAEBC2 /* RootNavigationController.swift */ = {isa = PBXFileReference; fileEncoding = 4; lastKnownFileType = sourcecode.swift; path = RootNavigationController.swift; sourceTree = "<group>"; };
		0A1FE99C2997B61600DAEBC2 /* AppRouter.swift */ = {isa = PBXFileReference; fileEncoding = 4; lastKnownFileType = sourcecode.swift; path = AppRouter.swift; sourceTree = "<group>"; };
		0A1FE99D2997B61600DAEBC2 /* AppRouterImp.swift */ = {isa = PBXFileReference; fileEncoding = 4; lastKnownFileType = sourcecode.swift; path = AppRouterImp.swift; sourceTree = "<group>"; };
		0A1FE99E2997B61600DAEBC2 /* AppRouter+Extension.swift */ = {isa = PBXFileReference; fileEncoding = 4; lastKnownFileType = sourcecode.swift; path = "AppRouter+Extension.swift"; sourceTree = "<group>"; };
		0A1FE99F2997B61600DAEBC2 /* PreparableViewModel.swift */ = {isa = PBXFileReference; fileEncoding = 4; lastKnownFileType = sourcecode.swift; path = PreparableViewModel.swift; sourceTree = "<group>"; };
		0A1FE9A02997B61600DAEBC2 /* Preparable.swift */ = {isa = PBXFileReference; fileEncoding = 4; lastKnownFileType = sourcecode.swift; path = Preparable.swift; sourceTree = "<group>"; };
		0A1FE9A32997B61600DAEBC2 /* Command.swift */ = {isa = PBXFileReference; fileEncoding = 4; lastKnownFileType = sourcecode.swift; path = Command.swift; sourceTree = "<group>"; };
		0A1FE9A42997B61600DAEBC2 /* Weakify.swift */ = {isa = PBXFileReference; fileEncoding = 4; lastKnownFileType = sourcecode.swift; path = Weakify.swift; sourceTree = "<group>"; };
		0A20A0D729B6F20F00CEA48E /* HomeModule.swift */ = {isa = PBXFileReference; lastKnownFileType = sourcecode.swift; path = HomeModule.swift; sourceTree = "<group>"; };
		0A20A0D829B6F20F00CEA48E /* HomePresenter.swift */ = {isa = PBXFileReference; lastKnownFileType = sourcecode.swift; path = HomePresenter.swift; sourceTree = "<group>"; };
		0A20A0D929B6F20F00CEA48E /* HomeRouter.swift */ = {isa = PBXFileReference; lastKnownFileType = sourcecode.swift; path = HomeRouter.swift; sourceTree = "<group>"; };
		0A20A0DA29B6F20F00CEA48E /* HomeViewController.swift */ = {isa = PBXFileReference; lastKnownFileType = sourcecode.swift; path = HomeViewController.swift; sourceTree = "<group>"; };
		0A20A0DB29B6F20F00CEA48E /* HomeTableAdapter.swift */ = {isa = PBXFileReference; lastKnownFileType = sourcecode.swift; path = HomeTableAdapter.swift; sourceTree = "<group>"; };
		0A20A0DC29B6F20F00CEA48E /* HomeServiceProvider.swift */ = {isa = PBXFileReference; lastKnownFileType = sourcecode.swift; path = HomeServiceProvider.swift; sourceTree = "<group>"; };
		0A20A0E329B6F78B00CEA48E /* MainControlHeaderCell.swift */ = {isa = PBXFileReference; lastKnownFileType = sourcecode.swift; path = MainControlHeaderCell.swift; sourceTree = "<group>"; };
		0A20A0E529B6FC2400CEA48E /* MainControlHeaderCellViewModel.swift */ = {isa = PBXFileReference; lastKnownFileType = sourcecode.swift; path = MainControlHeaderCellViewModel.swift; sourceTree = "<group>"; };
		0A20A0EB29B733E900CEA48E /* CaloriesCellViewModel.swift */ = {isa = PBXFileReference; lastKnownFileType = sourcecode.swift; path = CaloriesCellViewModel.swift; sourceTree = "<group>"; };
		0A20A0ED29B733F900CEA48E /* CaloriesCell.swift */ = {isa = PBXFileReference; lastKnownFileType = sourcecode.swift; path = CaloriesCell.swift; sourceTree = "<group>"; };
		0A20A0EF29B738A600CEA48E /* EditingCellStack.swift */ = {isa = PBXFileReference; lastKnownFileType = sourcecode.swift; path = EditingCellStack.swift; sourceTree = "<group>"; };
		0A20A0F129B73E5200CEA48E /* UIStackViewStyle.swift */ = {isa = PBXFileReference; lastKnownFileType = sourcecode.swift; path = UIStackViewStyle.swift; sourceTree = "<group>"; };
		0A20A0F329B7506500CEA48E /* PhotoProgressCell.swift */ = {isa = PBXFileReference; lastKnownFileType = sourcecode.swift; path = PhotoProgressCell.swift; sourceTree = "<group>"; };
		0A20A0F529B7507200CEA48E /* PhotoProgressCellViewModel.swift */ = {isa = PBXFileReference; lastKnownFileType = sourcecode.swift; path = PhotoProgressCellViewModel.swift; sourceTree = "<group>"; };
		0A20A0F729B7508E00CEA48E /* AddWidgetCell.swift */ = {isa = PBXFileReference; lastKnownFileType = sourcecode.swift; path = AddWidgetCell.swift; sourceTree = "<group>"; };
		0A20A0F929B7509A00CEA48E /* AddWidgetCellViewModel.swift */ = {isa = PBXFileReference; lastKnownFileType = sourcecode.swift; path = AddWidgetCellViewModel.swift; sourceTree = "<group>"; };
		0A20A0FB29B77E5D00CEA48E /* WidgetInfoPack.swift */ = {isa = PBXFileReference; lastKnownFileType = sourcecode.swift; path = WidgetInfoPack.swift; sourceTree = "<group>"; };
		0A33B41E29A233B600F2685B /* DateFormat.swift */ = {isa = PBXFileReference; fileEncoding = 4; lastKnownFileType = sourcecode.swift; path = DateFormat.swift; sourceTree = "<group>"; };
		0A33B42029A238F600F2685B /* InitialStartTapeCell.swift */ = {isa = PBXFileReference; lastKnownFileType = sourcecode.swift; path = InitialStartTapeCell.swift; sourceTree = "<group>"; };
		0A33B42229A2390900F2685B /* InitialStartTapeCellViewModel.swift */ = {isa = PBXFileReference; lastKnownFileType = sourcecode.swift; path = InitialStartTapeCellViewModel.swift; sourceTree = "<group>"; };
		0A33B42529A23E3300F2685B /* ActivityLevelModule.swift */ = {isa = PBXFileReference; lastKnownFileType = sourcecode.swift; path = ActivityLevelModule.swift; sourceTree = "<group>"; };
		0A33B42629A23E3300F2685B /* ActivityLevelPresenter.swift */ = {isa = PBXFileReference; lastKnownFileType = sourcecode.swift; path = ActivityLevelPresenter.swift; sourceTree = "<group>"; };
		0A33B42729A23E3300F2685B /* ActivityLevelRouter.swift */ = {isa = PBXFileReference; lastKnownFileType = sourcecode.swift; path = ActivityLevelRouter.swift; sourceTree = "<group>"; };
		0A33B42829A23E3300F2685B /* ActivityLevelViewController.swift */ = {isa = PBXFileReference; lastKnownFileType = sourcecode.swift; path = ActivityLevelViewController.swift; sourceTree = "<group>"; };
		0A33B42929A23E3300F2685B /* ActivityLevelTableAdapter.swift */ = {isa = PBXFileReference; lastKnownFileType = sourcecode.swift; path = ActivityLevelTableAdapter.swift; sourceTree = "<group>"; };
		0A33B42A29A23E3300F2685B /* ActivityLevelServiceProvider.swift */ = {isa = PBXFileReference; lastKnownFileType = sourcecode.swift; path = ActivityLevelServiceProvider.swift; sourceTree = "<group>"; };
		0A33B43329A2400100F2685B /* ActivityLevelInfoCell.swift */ = {isa = PBXFileReference; lastKnownFileType = sourcecode.swift; path = ActivityLevelInfoCell.swift; sourceTree = "<group>"; };
		0A33B43629A2404800F2685B /* ActivityLevelInfoCellViewModel.swift */ = {isa = PBXFileReference; lastKnownFileType = sourcecode.swift; path = ActivityLevelInfoCellViewModel.swift; sourceTree = "<group>"; };
		0A33B43829A2534400F2685B /* UINavigationBarStyle.swift */ = {isa = PBXFileReference; fileEncoding = 4; lastKnownFileType = sourcecode.swift; path = UINavigationBarStyle.swift; sourceTree = "<group>"; };
		0AA2806229A4E8C00064BBB6 /* DialogController.swift */ = {isa = PBXFileReference; fileEncoding = 4; lastKnownFileType = sourcecode.swift; path = DialogController.swift; sourceTree = "<group>"; };
		0AA2806429A507620064BBB6 /* UITextFieldStyle.swift */ = {isa = PBXFileReference; fileEncoding = 4; lastKnownFileType = sourcecode.swift; path = UITextFieldStyle.swift; sourceTree = "<group>"; };
		0AD5FB0A299BC3A90096FAF6 /* Inter-SemiBold.ttf */ = {isa = PBXFileReference; lastKnownFileType = file; path = "Inter-SemiBold.ttf"; sourceTree = "<group>"; };
		0AD5FB0C299BC3AA0096FAF6 /* Inter-Medium.ttf */ = {isa = PBXFileReference; lastKnownFileType = file; path = "Inter-Medium.ttf"; sourceTree = "<group>"; };
		0AD5FB0D299BC3AA0096FAF6 /* Inter-Regular.ttf */ = {isa = PBXFileReference; lastKnownFileType = file; path = "Inter-Regular.ttf"; sourceTree = "<group>"; };
		0AD5FB0F299BC3AA0096FAF6 /* Inter-Thin.ttf */ = {isa = PBXFileReference; lastKnownFileType = file; path = "Inter-Thin.ttf"; sourceTree = "<group>"; };
		0AD5FB12299BC3AA0096FAF6 /* Inter-Bold.ttf */ = {isa = PBXFileReference; lastKnownFileType = file; path = "Inter-Bold.ttf"; sourceTree = "<group>"; };
		0ADE993D299910F3001EE33E /* DefaultColorPalette.swift */ = {isa = PBXFileReference; fileEncoding = 4; lastKnownFileType = sourcecode.swift; path = DefaultColorPalette.swift; sourceTree = "<group>"; };
		0ADE993E299910F3001EE33E /* DefaultTheme.swift */ = {isa = PBXFileReference; fileEncoding = 4; lastKnownFileType = sourcecode.swift; path = DefaultTheme.swift; sourceTree = "<group>"; };
		0ADE993F299910F3001EE33E /* DefaultTypography.swift */ = {isa = PBXFileReference; fileEncoding = 4; lastKnownFileType = sourcecode.swift; path = DefaultTypography.swift; sourceTree = "<group>"; };
		0ADE994F29991DC7001EE33E /* LaunchModule.swift */ = {isa = PBXFileReference; lastKnownFileType = sourcecode.swift; path = LaunchModule.swift; sourceTree = "<group>"; };
		0ADE995029991DC7001EE33E /* LaunchPresenter.swift */ = {isa = PBXFileReference; lastKnownFileType = sourcecode.swift; path = LaunchPresenter.swift; sourceTree = "<group>"; };
		0ADE995129991DC7001EE33E /* LaunchRouter.swift */ = {isa = PBXFileReference; lastKnownFileType = sourcecode.swift; path = LaunchRouter.swift; sourceTree = "<group>"; };
		0ADE995229991DC7001EE33E /* LaunchViewController.swift */ = {isa = PBXFileReference; lastKnownFileType = sourcecode.swift; path = LaunchViewController.swift; sourceTree = "<group>"; };
		0ADE995429991DC7001EE33E /* LaunchServiceProvider.swift */ = {isa = PBXFileReference; lastKnownFileType = sourcecode.swift; path = LaunchServiceProvider.swift; sourceTree = "<group>"; };
		0AE35E1429A0847700FEFD58 /* InitialStartSegmentCell.swift */ = {isa = PBXFileReference; lastKnownFileType = sourcecode.swift; path = InitialStartSegmentCell.swift; sourceTree = "<group>"; };
		0AE35E1629A0848B00FEFD58 /* InitialStartSegmentCellViewModel.swift */ = {isa = PBXFileReference; lastKnownFileType = sourcecode.swift; path = InitialStartSegmentCellViewModel.swift; sourceTree = "<group>"; };
		0AE35E1829A084CA00FEFD58 /* InitialStartTitleCell.swift */ = {isa = PBXFileReference; lastKnownFileType = sourcecode.swift; path = InitialStartTitleCell.swift; sourceTree = "<group>"; };
		0AE35E1A29A084E200FEFD58 /* InitialStartDataCell.swift */ = {isa = PBXFileReference; lastKnownFileType = sourcecode.swift; path = InitialStartDataCell.swift; sourceTree = "<group>"; };
		0AE35E1C29A084F600FEFD58 /* InitialStartDataCellViewModel.swift */ = {isa = PBXFileReference; lastKnownFileType = sourcecode.swift; path = InitialStartDataCellViewModel.swift; sourceTree = "<group>"; };
		0AE35E1E29A0850700FEFD58 /* InitialStartTitleCellViewModel.swift */ = {isa = PBXFileReference; lastKnownFileType = sourcecode.swift; path = InitialStartTitleCellViewModel.swift; sourceTree = "<group>"; };
		0AE35E2029A08F3C00FEFD58 /* UISegmentedControlStyle.swift */ = {isa = PBXFileReference; lastKnownFileType = sourcecode.swift; path = UISegmentedControlStyle.swift; sourceTree = "<group>"; };
		0AE35E2529A0A03800FEFD58 /* Gender.swift */ = {isa = PBXFileReference; lastKnownFileType = sourcecode.swift; path = Gender.swift; sourceTree = "<group>"; };
		0AE35E2729A0A05200FEFD58 /* UserTarget.swift */ = {isa = PBXFileReference; lastKnownFileType = sourcecode.swift; path = UserTarget.swift; sourceTree = "<group>"; };
		0AE35E2929A0A1FE00FEFD58 /* UserData.swift */ = {isa = PBXFileReference; lastKnownFileType = sourcecode.swift; path = UserData.swift; sourceTree = "<group>"; };
		0AE35E2B29A0A44400FEFD58 /* ActivityLevel.swift */ = {isa = PBXFileReference; lastKnownFileType = sourcecode.swift; path = ActivityLevel.swift; sourceTree = "<group>"; };
		0AE35E2D29A0A56F00FEFD58 /* TreckingParameter.swift */ = {isa = PBXFileReference; lastKnownFileType = sourcecode.swift; path = TreckingParameter.swift; sourceTree = "<group>"; };
		0AE35E2F29A0D29800FEFD58 /* UICalendarViewStyle.swift */ = {isa = PBXFileReference; lastKnownFileType = sourcecode.swift; path = UICalendarViewStyle.swift; sourceTree = "<group>"; };
		0AE35E3129A0E9E000FEFD58 /* CalendarView.swift */ = {isa = PBXFileReference; lastKnownFileType = sourcecode.swift; path = CalendarView.swift; sourceTree = "<group>"; };
		0AE35E3429A0FFEC00FEFD58 /* UIButtonStyle.swift */ = {isa = PBXFileReference; fileEncoding = 4; lastKnownFileType = sourcecode.swift; path = UIButtonStyle.swift; sourceTree = "<group>"; };
		0AE35E3629A1051A00FEFD58 /* UIToolbarStyle.swift */ = {isa = PBXFileReference; lastKnownFileType = sourcecode.swift; path = UIToolbarStyle.swift; sourceTree = "<group>"; };
		0AE35E3A29A10E7200FEFD58 /* InitialStartMapper.swift */ = {isa = PBXFileReference; lastKnownFileType = sourcecode.swift; path = InitialStartMapper.swift; sourceTree = "<group>"; };
		0AE437BA29A343F500B43A4B /* InitialStartParameterCell.swift */ = {isa = PBXFileReference; lastKnownFileType = sourcecode.swift; path = InitialStartParameterCell.swift; sourceTree = "<group>"; };
		0AE437BC29A3440500B43A4B /* InitialStartParameterCellViewModel.swift */ = {isa = PBXFileReference; lastKnownFileType = sourcecode.swift; path = InitialStartParameterCellViewModel.swift; sourceTree = "<group>"; };
		0AE437BE29A35E5C00B43A4B /* InitialStartEditCell.swift */ = {isa = PBXFileReference; lastKnownFileType = sourcecode.swift; path = InitialStartEditCell.swift; sourceTree = "<group>"; };
		0AE437C029A35E7400B43A4B /* InitialStartEditCellViewModel.swift */ = {isa = PBXFileReference; lastKnownFileType = sourcecode.swift; path = InitialStartEditCellViewModel.swift; sourceTree = "<group>"; };
		0AE437C229A3629000B43A4B /* Measure.swift */ = {isa = PBXFileReference; lastKnownFileType = sourcecode.swift; path = Measure.swift; sourceTree = "<group>"; };
		0AE437CA29A3783600B43A4B /* InitialStartTapeUnitCell.swift */ = {isa = PBXFileReference; lastKnownFileType = sourcecode.swift; path = InitialStartTapeUnitCell.swift; sourceTree = "<group>"; };
		0AE437CC29A3785100B43A4B /* InitialStartTapeUnitCellViewModel.swift */ = {isa = PBXFileReference; lastKnownFileType = sourcecode.swift; path = InitialStartTapeUnitCellViewModel.swift; sourceTree = "<group>"; };
		0AE437CF29A37C7200B43A4B /* UICollectionViewStyle.swift */ = {isa = PBXFileReference; fileEncoding = 4; lastKnownFileType = sourcecode.swift; path = UICollectionViewStyle.swift; sourceTree = "<group>"; };
		0AE437D029A37C7200B43A4B /* UICollectionViewFlowLayoutStyle.swift */ = {isa = PBXFileReference; fileEncoding = 4; lastKnownFileType = sourcecode.swift; path = UICollectionViewFlowLayoutStyle.swift; sourceTree = "<group>"; };
		0AE50CFE299D208C001A67D8 /* LabelFont.swift */ = {isa = PBXFileReference; fileEncoding = 4; lastKnownFileType = sourcecode.swift; path = LabelFont.swift; sourceTree = "<group>"; };
		0AE50CFF299D208C001A67D8 /* ViewBgColor.swift */ = {isa = PBXFileReference; fileEncoding = 4; lastKnownFileType = sourcecode.swift; path = ViewBgColor.swift; sourceTree = "<group>"; };
		0AE50D04299D2895001A67D8 /* InitialStartModule.swift */ = {isa = PBXFileReference; lastKnownFileType = sourcecode.swift; path = InitialStartModule.swift; sourceTree = "<group>"; };
		0AE50D05299D2895001A67D8 /* InitialStartPresenter.swift */ = {isa = PBXFileReference; lastKnownFileType = sourcecode.swift; path = InitialStartPresenter.swift; sourceTree = "<group>"; };
		0AE50D06299D2895001A67D8 /* InitialStartRouter.swift */ = {isa = PBXFileReference; lastKnownFileType = sourcecode.swift; path = InitialStartRouter.swift; sourceTree = "<group>"; };
		0AE50D07299D2895001A67D8 /* InitialStartViewController.swift */ = {isa = PBXFileReference; lastKnownFileType = sourcecode.swift; path = InitialStartViewController.swift; sourceTree = "<group>"; };
		0AE50D09299D2895001A67D8 /* InitialStartServiceProvider.swift */ = {isa = PBXFileReference; lastKnownFileType = sourcecode.swift; path = InitialStartServiceProvider.swift; sourceTree = "<group>"; };
		0AE50D11299D2DCF001A67D8 /* Localizable.strings */ = {isa = PBXFileReference; lastKnownFileType = text.plist.strings; path = Localizable.strings; sourceTree = "<group>"; };
		0AF2D06B299B731C0054CC0B /* R.generated.swift */ = {isa = PBXFileReference; fileEncoding = 4; lastKnownFileType = sourcecode.swift; path = R.generated.swift; sourceTree = SOURCE_ROOT; };
		0AF47FC629A5EC2E00BFD70D /* CalorieCalculator.swift */ = {isa = PBXFileReference; lastKnownFileType = sourcecode.swift; path = CalorieCalculator.swift; sourceTree = "<group>"; };
		1B0492989F8B5795C3C4DCFE /* Pods_Shapely.framework */ = {isa = PBXFileReference; explicitFileType = wrapper.framework; includeInIndex = 0; path = Pods_Shapely.framework; sourceTree = BUILT_PRODUCTS_DIR; };
		68243EA88468E329AB0F5E50 /* Pods-Shapely.release.xcconfig */ = {isa = PBXFileReference; includeInIndex = 1; lastKnownFileType = text.xcconfig; name = "Pods-Shapely.release.xcconfig"; path = "Target Support Files/Pods-Shapely/Pods-Shapely.release.xcconfig"; sourceTree = "<group>"; };
		9CEFA55E26493E2C0D066303 /* Pods-Shapely.debug.xcconfig */ = {isa = PBXFileReference; includeInIndex = 1; lastKnownFileType = text.xcconfig; name = "Pods-Shapely.debug.xcconfig"; path = "Target Support Files/Pods-Shapely/Pods-Shapely.debug.xcconfig"; sourceTree = "<group>"; };
/* End PBXFileReference section */

/* Begin PBXFrameworksBuildPhase section */
		0A1FE8702997AC5D00DAEBC2 /* Frameworks */ = {
			isa = PBXFrameworksBuildPhase;
			buildActionMask = 2147483647;
			files = (
				C3F3A51DF5F91971266AA858 /* Pods_Shapely.framework in Frameworks */,
			);
			runOnlyForDeploymentPostprocessing = 0;
		};
/* End PBXFrameworksBuildPhase section */

/* Begin PBXGroup section */
		0A0CB910299F91750086AA9B /* Reusable Layer */ = {
			isa = PBXGroup;
			children = (
				0A0CB91D299FB8820086AA9B /* Cell */,
				0A0CB911299F91CE0086AA9B /* ConfirmView.swift */,
				0AE35E3129A0E9E000FEFD58 /* CalendarView.swift */,
				0A20A0EF29B738A600CEA48E /* EditingCellStack.swift */,
			);
			path = "Reusable Layer";
			sourceTree = "<group>";
		};
		0A0CB915299F9A970086AA9B /* Utils */ = {
			isa = PBXGroup;
			children = (
				0A0CB916299F9AA10086AA9B /* UIView_addSubviews.swift */,
				0A04627F29A637DF00E70D0B /* UIImage.swift */,
			);
			path = Utils;
			sourceTree = "<group>";
		};
		0A0CB91D299FB8820086AA9B /* Cell */ = {
			isa = PBXGroup;
			children = (
				0AE437C429A3770500B43A4B /* Collection */,
				0A0CB91E299FB8880086AA9B /* Table */,
			);
			path = Cell;
			sourceTree = "<group>";
		};
		0A0CB91E299FB8880086AA9B /* Table */ = {
			isa = PBXGroup;
			children = (
				0A20A0E729B71A6100CEA48E /* Home */,
				0A33B43529A2401900F2685B /* InitialStart */,
				0A33B43329A2400100F2685B /* ActivityLevelInfoCell.swift */,
				0A0CB927299FB97A0086AA9B /* MainHeaderCell.swift */,
				0A20A0E329B6F78B00CEA48E /* MainControlHeaderCell.swift */,
			);
			path = Table;
			sourceTree = "<group>";
		};
		0A0CB91F299FB8C00086AA9B /* Models */ = {
			isa = PBXGroup;
			children = (
				0AE35E3929A10E4E00FEFD58 /* Mapping */,
				0A0CB931299FBF970086AA9B /* Data */,
				0A0CB922299FB94D0086AA9B /* Cell */,
			);
			path = Models;
			sourceTree = "<group>";
		};
		0A0CB922299FB94D0086AA9B /* Cell */ = {
			isa = PBXGroup;
			children = (
				0AE437C729A3772A00B43A4B /* Collection */,
				0A0CB923299FB9520086AA9B /* Table */,
			);
			path = Cell;
			sourceTree = "<group>";
		};
		0A0CB923299FB9520086AA9B /* Table */ = {
			isa = PBXGroup;
			children = (
				0A20A0E829B71A6700CEA48E /* Home */,
				0A33B43129A23FB000F2685B /* InitialStart */,
				0A0CB925299FB96B0086AA9B /* MainHeaderCellViewModel.swift */,
				0A33B43629A2404800F2685B /* ActivityLevelInfoCellViewModel.swift */,
				0A20A0E529B6FC2400CEA48E /* MainControlHeaderCellViewModel.swift */,
			);
			path = Table;
			sourceTree = "<group>";
		};
		0A0CB931299FBF970086AA9B /* Data */ = {
			isa = PBXGroup;
			children = (
				0A0CB932299FC01D0086AA9B /* InitialStartPack.swift */,
				0AE35E2929A0A1FE00FEFD58 /* UserData.swift */,
				0A20A0FB29B77E5D00CEA48E /* WidgetInfoPack.swift */,
			);
			path = Data;
			sourceTree = "<group>";
		};
		0A1FE86A2997AC5D00DAEBC2 = {
			isa = PBXGroup;
			children = (
				0A1FE8752997AC5D00DAEBC2 /* Shapely */,
				0A1FE8742997AC5D00DAEBC2 /* Products */,
				E22F0D0525000E76154A4E3D /* Pods */,
				DE647B441E0E389B372550A6 /* Frameworks */,
			);
			sourceTree = "<group>";
		};
		0A1FE8742997AC5D00DAEBC2 /* Products */ = {
			isa = PBXGroup;
			children = (
				0A1FE8732997AC5D00DAEBC2 /* Shapely.app */,
			);
			name = Products;
			sourceTree = "<group>";
		};
		0A1FE8752997AC5D00DAEBC2 /* Shapely */ = {
			isa = PBXGroup;
			children = (
				0A1FE8872997AC5E00DAEBC2 /* Info.plist */,
				0A1FE88E2997B15500DAEBC2 /* Resources */,
				0A1FE88D2997B13500DAEBC2 /* Application */,
				0AA2806129A4E8A90064BBB6 /* Services */,
				0ADE994329991A1D001EE33E /* Screens */,
				0A0CB91F299FB8C00086AA9B /* Models */,
				0A1FE8952997B61600DAEBC2 /* Library */,
				0A1FE87F2997AC5D00DAEBC2 /* Shapely.xcdatamodeld */,
			);
			path = Shapely;
			sourceTree = "<group>";
		};
		0A1FE88D2997B13500DAEBC2 /* Application */ = {
			isa = PBXGroup;
			children = (
				0A1FE8762997AC5D00DAEBC2 /* AppDelegate.swift */,
				0A0CB908299F7E8A0086AA9B /* SceneDelegate.swift */,
				0A1FE8842997AC5E00DAEBC2 /* LaunchScreen.storyboard */,
				0A1FE8902997B17900DAEBC2 /* MainCoordinator.swift */,
				0A1FE8932997B1D600DAEBC2 /* AppAssembly.swift */,
				0ADE993B299910F3001EE33E /* Theme */,
				0AE50D13299D302F001A67D8 /* Style */,
			);
			path = Application;
			sourceTree = "<group>";
		};
		0A1FE88E2997B15500DAEBC2 /* Resources */ = {
			isa = PBXGroup;
			children = (
				0AF2D06B299B731C0054CC0B /* R.generated.swift */,
				0AE50D10299D2DBD001A67D8 /* Strings */,
				0AD5FB09299BC3260096FAF6 /* Fonts */,
				0A1FE88F2997B16300DAEBC2 /* Images */,
				0AE35E2329A0A00D00FEFD58 /* Constants */,
			);
			path = Resources;
			sourceTree = "<group>";
		};
		0A1FE88F2997B16300DAEBC2 /* Images */ = {
			isa = PBXGroup;
			children = (
				0A1FE8822997AC5E00DAEBC2 /* Assets.xcassets */,
			);
			path = Images;
			sourceTree = "<group>";
		};
		0A1FE8952997B61600DAEBC2 /* Library */ = {
			isa = PBXGroup;
			children = (
				0A0CB910299F91750086AA9B /* Reusable Layer */,
				0A1FE89C2997B61600DAEBC2 /* Extensions */,
				0A1FE8C92997B61600DAEBC2 /* UIComponents */,
				0A1FE9922997B61600DAEBC2 /* Base Classes */,
				0A1FE9972997B61600DAEBC2 /* Protocols */,
				0A1FE9A12997B61600DAEBC2 /* Services */,
			);
			path = Library;
			sourceTree = "<group>";
		};
		0A1FE89C2997B61600DAEBC2 /* Extensions */ = {
			isa = PBXGroup;
			children = (
				0A0CB915299F9A970086AA9B /* Utils */,
				0A1FE8B72997B61600DAEBC2 /* Base */,
			);
			path = Extensions;
			sourceTree = "<group>";
		};
		0A1FE8B72997B61600DAEBC2 /* Base */ = {
			isa = PBXGroup;
			children = (
				0A1FE8B82997B61600DAEBC2 /* NSObject+ClassName.swift */,
				0A1FE8BB2997B61600DAEBC2 /* Functions.swift */,
				0A1FE8BE2997B61600DAEBC2 /* PropsProducerConsumer.swift */,
				0A1FE8C02997B61600DAEBC2 /* SwinjectExtensions.swift */,
			);
			path = Base;
			sourceTree = "<group>";
		};
		0A1FE8C92997B61600DAEBC2 /* UIComponents */ = {
			isa = PBXGroup;
			children = (
				0A1FE8CA2997B61600DAEBC2 /* UIStyle */,
				0A1FE8D52997B61600DAEBC2 /* MainAppDelegate.swift */,
				0A1FE8D62997B61600DAEBC2 /* Grid.swift */,
				0A1FE8D72997B61600DAEBC2 /* UITheme */,
			);
			path = UIComponents;
			sourceTree = "<group>";
		};
		0A1FE8CA2997B61600DAEBC2 /* UIStyle */ = {
			isa = PBXGroup;
			children = (
				0A0CB90E299F8FC10086AA9B /* ImageViewContentMode.swift */,
				0AE50CFE299D208C001A67D8 /* LabelFont.swift */,
				0AE50CFF299D208C001A67D8 /* ViewBgColor.swift */,
			);
			path = UIStyle;
			sourceTree = "<group>";
		};
		0A1FE8D72997B61600DAEBC2 /* UITheme */ = {
			isa = PBXGroup;
			children = (
				0A1FE8D82997B61600DAEBC2 /* Typography.swift */,
				0A1FE8D92997B61600DAEBC2 /* Stylable.swift */,
				0A1FE8DA2997B61600DAEBC2 /* ColorPalette.swift */,
				0A1FE8DB2997B61600DAEBC2 /* Theme.swift */,
			);
			path = UITheme;
			sourceTree = "<group>";
		};
		0A1FE9922997B61600DAEBC2 /* Base Classes */ = {
			isa = PBXGroup;
			children = (
				0A1FE9932997B61600DAEBC2 /* PreparableHeaderCollectionCell.swift */,
				0A1FE9942997B61600DAEBC2 /* PreparableCollectionCell.swift */,
				0A1FE9952997B61600DAEBC2 /* PreparableHeaderTableCell.swift */,
				0A1FE9962997B61600DAEBC2 /* PreparableTableCell.swift */,
			);
			path = "Base Classes";
			sourceTree = "<group>";
		};
		0A1FE9972997B61600DAEBC2 /* Protocols */ = {
			isa = PBXGroup;
			children = (
				0A1FE9982997B61600DAEBC2 /* App */,
				0A1FE99F2997B61600DAEBC2 /* PreparableViewModel.swift */,
				0A1FE9A02997B61600DAEBC2 /* Preparable.swift */,
			);
			path = Protocols;
			sourceTree = "<group>";
		};
		0A1FE9982997B61600DAEBC2 /* App */ = {
			isa = PBXGroup;
			children = (
				0A1FE9992997B61600DAEBC2 /* AppModule.swift */,
				0A1FE99A2997B61600DAEBC2 /* Router */,
			);
			path = App;
			sourceTree = "<group>";
		};
		0A1FE99A2997B61600DAEBC2 /* Router */ = {
			isa = PBXGroup;
			children = (
				0A1FE99B2997B61600DAEBC2 /* RootNavigationController.swift */,
				0A1FE99C2997B61600DAEBC2 /* AppRouter.swift */,
				0A1FE99D2997B61600DAEBC2 /* AppRouterImp.swift */,
				0A1FE99E2997B61600DAEBC2 /* AppRouter+Extension.swift */,
			);
			path = Router;
			sourceTree = "<group>";
		};
		0A1FE9A12997B61600DAEBC2 /* Services */ = {
			isa = PBXGroup;
			children = (
				0A1FE9A32997B61600DAEBC2 /* Command.swift */,
				0A1FE9A42997B61600DAEBC2 /* Weakify.swift */,
			);
			path = Services;
			sourceTree = "<group>";
		};
		0A20A0D529B6F1F400CEA48E /* Home */ = {
			isa = PBXGroup;
			children = (
				0A20A0D729B6F20F00CEA48E /* HomeModule.swift */,
				0A20A0D829B6F20F00CEA48E /* HomePresenter.swift */,
				0A20A0D929B6F20F00CEA48E /* HomeRouter.swift */,
				0A20A0DA29B6F20F00CEA48E /* HomeViewController.swift */,
				0A20A0DB29B6F20F00CEA48E /* HomeTableAdapter.swift */,
				0A20A0DC29B6F20F00CEA48E /* HomeServiceProvider.swift */,
			);
			path = Home;
			sourceTree = "<group>";
		};
		0A20A0E729B71A6100CEA48E /* Home */ = {
			isa = PBXGroup;
			children = (
				0A20A0ED29B733F900CEA48E /* CaloriesCell.swift */,
				0A20A0F329B7506500CEA48E /* PhotoProgressCell.swift */,
				0A20A0F729B7508E00CEA48E /* AddWidgetCell.swift */,
			);
			path = Home;
			sourceTree = "<group>";
		};
		0A20A0E829B71A6700CEA48E /* Home */ = {
			isa = PBXGroup;
			children = (
				0A20A0EB29B733E900CEA48E /* CaloriesCellViewModel.swift */,
				0A20A0F529B7507200CEA48E /* PhotoProgressCellViewModel.swift */,
				0A20A0F929B7509A00CEA48E /* AddWidgetCellViewModel.swift */,
			);
			path = Home;
			sourceTree = "<group>";
		};
		0A33B42429A23E1600F2685B /* ActivityLevel */ = {
			isa = PBXGroup;
			children = (
				0A33B42529A23E3300F2685B /* ActivityLevelModule.swift */,
				0A33B42629A23E3300F2685B /* ActivityLevelPresenter.swift */,
				0A33B42729A23E3300F2685B /* ActivityLevelRouter.swift */,
				0A33B42829A23E3300F2685B /* ActivityLevelViewController.swift */,
				0A33B42929A23E3300F2685B /* ActivityLevelTableAdapter.swift */,
				0A33B42A29A23E3300F2685B /* ActivityLevelServiceProvider.swift */,
			);
			path = ActivityLevel;
			sourceTree = "<group>";
		};
		0A33B43129A23FB000F2685B /* InitialStart */ = {
			isa = PBXGroup;
			children = (
				0A0CB92B299FBB0F0086AA9B /* InitialStartTextCellViewModel.swift */,
				0A0CB92F299FBC290086AA9B /* InitialStartPictureCellViewModel.swift */,
				0AE35E1629A0848B00FEFD58 /* InitialStartSegmentCellViewModel.swift */,
				0AE35E1C29A084F600FEFD58 /* InitialStartDataCellViewModel.swift */,
				0AE35E1E29A0850700FEFD58 /* InitialStartTitleCellViewModel.swift */,
				0A33B42229A2390900F2685B /* InitialStartTapeCellViewModel.swift */,
				0AE437BC29A3440500B43A4B /* InitialStartParameterCellViewModel.swift */,
				0AE437C029A35E7400B43A4B /* InitialStartEditCellViewModel.swift */,
			);
			path = InitialStart;
			sourceTree = "<group>";
		};
		0A33B43529A2401900F2685B /* InitialStart */ = {
			isa = PBXGroup;
			children = (
				0A0CB929299FBAF50086AA9B /* InitialStartTextCell.swift */,
				0A0CB92D299FBC1E0086AA9B /* InitialStartPictureCell.swift */,
				0AE35E1429A0847700FEFD58 /* InitialStartSegmentCell.swift */,
				0AE35E1829A084CA00FEFD58 /* InitialStartTitleCell.swift */,
				0AE35E1A29A084E200FEFD58 /* InitialStartDataCell.swift */,
				0A33B42029A238F600F2685B /* InitialStartTapeCell.swift */,
				0AE437BA29A343F500B43A4B /* InitialStartParameterCell.swift */,
				0AE437BE29A35E5C00B43A4B /* InitialStartEditCell.swift */,
			);
			path = InitialStart;
			sourceTree = "<group>";
		};
		0AA2806129A4E8A90064BBB6 /* Services */ = {
			isa = PBXGroup;
			children = (
				0AA2806229A4E8C00064BBB6 /* DialogController.swift */,
				0AF47FC629A5EC2E00BFD70D /* CalorieCalculator.swift */,
			);
			path = Services;
			sourceTree = "<group>";
		};
		0AD5FB09299BC3260096FAF6 /* Fonts */ = {
			isa = PBXGroup;
			children = (
				0AD5FB12299BC3AA0096FAF6 /* Inter-Bold.ttf */,
				0AD5FB0C299BC3AA0096FAF6 /* Inter-Medium.ttf */,
				0AD5FB0D299BC3AA0096FAF6 /* Inter-Regular.ttf */,
				0AD5FB0A299BC3A90096FAF6 /* Inter-SemiBold.ttf */,
				0AD5FB0F299BC3AA0096FAF6 /* Inter-Thin.ttf */,
			);
			path = Fonts;
			sourceTree = "<group>";
		};
		0ADE993B299910F3001EE33E /* Theme */ = {
			isa = PBXGroup;
			children = (
				0ADE993C299910F3001EE33E /* Default */,
			);
			path = Theme;
			sourceTree = "<group>";
		};
		0ADE993C299910F3001EE33E /* Default */ = {
			isa = PBXGroup;
			children = (
				0ADE993D299910F3001EE33E /* DefaultColorPalette.swift */,
				0ADE993E299910F3001EE33E /* DefaultTheme.swift */,
				0ADE993F299910F3001EE33E /* DefaultTypography.swift */,
			);
			path = Default;
			sourceTree = "<group>";
		};
		0ADE994329991A1D001EE33E /* Screens */ = {
			isa = PBXGroup;
			children = (
				0AE50CFC299D1F8D001A67D8 /* Launch */,
				0A20A0D529B6F1F400CEA48E /* Home */,
				0AE50D03299D2814001A67D8 /* InitialStart */,
			);
			path = Screens;
			sourceTree = "<group>";
		};
		0AE35E2329A0A00D00FEFD58 /* Constants */ = {
			isa = PBXGroup;
			children = (
				0A33B41E29A233B600F2685B /* DateFormat.swift */,
				0AE35E2429A0A01D00FEFD58 /* Enums */,
			);
			path = Constants;
			sourceTree = "<group>";
		};
		0AE35E2429A0A01D00FEFD58 /* Enums */ = {
			isa = PBXGroup;
			children = (
				0AE35E2529A0A03800FEFD58 /* Gender.swift */,
				0AE35E2729A0A05200FEFD58 /* UserTarget.swift */,
				0AE35E2B29A0A44400FEFD58 /* ActivityLevel.swift */,
				0AE35E2D29A0A56F00FEFD58 /* TreckingParameter.swift */,
				0AE437C229A3629000B43A4B /* Measure.swift */,
			);
			path = Enums;
			sourceTree = "<group>";
		};
		0AE35E3929A10E4E00FEFD58 /* Mapping */ = {
			isa = PBXGroup;
			children = (
				0AE35E3A29A10E7200FEFD58 /* InitialStartMapper.swift */,
			);
			path = Mapping;
			sourceTree = "<group>";
		};
		0AE437C429A3770500B43A4B /* Collection */ = {
			isa = PBXGroup;
			children = (
				0AE437CA29A3783600B43A4B /* InitialStartTapeUnitCell.swift */,
			);
			path = Collection;
			sourceTree = "<group>";
		};
		0AE437C729A3772A00B43A4B /* Collection */ = {
			isa = PBXGroup;
			children = (
				0AE437CC29A3785100B43A4B /* InitialStartTapeUnitCellViewModel.swift */,
			);
			path = Collection;
			sourceTree = "<group>";
		};
		0AE50CFC299D1F8D001A67D8 /* Launch */ = {
			isa = PBXGroup;
			children = (
				0ADE994F29991DC7001EE33E /* LaunchModule.swift */,
				0ADE995029991DC7001EE33E /* LaunchPresenter.swift */,
				0ADE995129991DC7001EE33E /* LaunchRouter.swift */,
				0ADE995229991DC7001EE33E /* LaunchViewController.swift */,
				0ADE995429991DC7001EE33E /* LaunchServiceProvider.swift */,
			);
			path = Launch;
			sourceTree = "<group>";
		};
		0AE50D03299D2814001A67D8 /* InitialStart */ = {
			isa = PBXGroup;
			children = (
				0AE50D04299D2895001A67D8 /* InitialStartModule.swift */,
				0AE50D05299D2895001A67D8 /* InitialStartPresenter.swift */,
				0A0CB919299FB5970086AA9B /* InitialStartTableAdapter.swift */,
				0AE50D06299D2895001A67D8 /* InitialStartRouter.swift */,
				0AE50D07299D2895001A67D8 /* InitialStartViewController.swift */,
				0AE50D09299D2895001A67D8 /* InitialStartServiceProvider.swift */,
				0A33B42429A23E1600F2685B /* ActivityLevel */,
			);
			path = InitialStart;
			sourceTree = "<group>";
		};
		0AE50D10299D2DBD001A67D8 /* Strings */ = {
			isa = PBXGroup;
			children = (
				0AE50D11299D2DCF001A67D8 /* Localizable.strings */,
			);
			path = Strings;
			sourceTree = "<group>";
		};
		0AE50D13299D302F001A67D8 /* Style */ = {
			isa = PBXGroup;
			children = (
				0A0BCFD629A1DF9E0082B2DD /* UIAlertController.swift */,
				0AA2806429A507620064BBB6 /* UITextFieldStyle.swift */,
				0A0CB90C299F8D400086AA9B /* UILabelStyle.swift */,
				0AE35E3429A0FFEC00FEFD58 /* UIButtonStyle.swift */,
				0AE437D029A37C7200B43A4B /* UICollectionViewFlowLayoutStyle.swift */,
				0AE437CF29A37C7200B43A4B /* UICollectionViewStyle.swift */,
				0A0CB91B299FB7DD0086AA9B /* UITableViewStyle.swift */,
				0A33B43829A2534400F2685B /* UINavigationBarStyle.swift */,
				0A0CB913299F964F0086AA9B /* UIViewStyle.swift */,
				0AE35E2029A08F3C00FEFD58 /* UISegmentedControlStyle.swift */,
				0AE35E2F29A0D29800FEFD58 /* UICalendarViewStyle.swift */,
				0AE35E3629A1051A00FEFD58 /* UIToolbarStyle.swift */,
				0A20A0F129B73E5200CEA48E /* UIStackViewStyle.swift */,
			);
			path = Style;
			sourceTree = "<group>";
		};
		DE647B441E0E389B372550A6 /* Frameworks */ = {
			isa = PBXGroup;
			children = (
				1B0492989F8B5795C3C4DCFE /* Pods_Shapely.framework */,
			);
			name = Frameworks;
			sourceTree = "<group>";
		};
		E22F0D0525000E76154A4E3D /* Pods */ = {
			isa = PBXGroup;
			children = (
				9CEFA55E26493E2C0D066303 /* Pods-Shapely.debug.xcconfig */,
				68243EA88468E329AB0F5E50 /* Pods-Shapely.release.xcconfig */,
			);
			path = Pods;
			sourceTree = "<group>";
		};
/* End PBXGroup section */

/* Begin PBXNativeTarget section */
		0A1FE8722997AC5D00DAEBC2 /* Shapely */ = {
			isa = PBXNativeTarget;
			buildConfigurationList = 0A1FE88A2997AC5E00DAEBC2 /* Build configuration list for PBXNativeTarget "Shapely" */;
			buildPhases = (
				780AF3AD45EF6CE011612DCD /* [CP] Check Pods Manifest.lock */,
				0A1A459B299A4DB700BD32D3 /* R.Swift */,
				0A1A459A299A4DAB00BD32D3 /* SwiftLint */,
				0A1FE86F2997AC5D00DAEBC2 /* Sources */,
				0A1FE8702997AC5D00DAEBC2 /* Frameworks */,
				0A1FE8712997AC5D00DAEBC2 /* Resources */,
				C5D8CE8591D3717E39EDA0BA /* [CP] Embed Pods Frameworks */,
			);
			buildRules = (
			);
			dependencies = (
			);
			name = Shapely;
			productName = Shapely;
			productReference = 0A1FE8732997AC5D00DAEBC2 /* Shapely.app */;
			productType = "com.apple.product-type.application";
		};
/* End PBXNativeTarget section */

/* Begin PBXProject section */
		0A1FE86B2997AC5D00DAEBC2 /* Project object */ = {
			isa = PBXProject;
			attributes = {
				BuildIndependentTargetsInParallel = 1;
				LastSwiftUpdateCheck = 1410;
				LastUpgradeCheck = 1410;
				TargetAttributes = {
					0A1FE8722997AC5D00DAEBC2 = {
						CreatedOnToolsVersion = 14.1;
					};
				};
			};
			buildConfigurationList = 0A1FE86E2997AC5D00DAEBC2 /* Build configuration list for PBXProject "Shapely" */;
			compatibilityVersion = "Xcode 14.0";
			developmentRegion = en;
			hasScannedForEncodings = 0;
			knownRegions = (
				en,
				Base,
			);
			mainGroup = 0A1FE86A2997AC5D00DAEBC2;
			productRefGroup = 0A1FE8742997AC5D00DAEBC2 /* Products */;
			projectDirPath = "";
			projectRoot = "";
			targets = (
				0A1FE8722997AC5D00DAEBC2 /* Shapely */,
			);
		};
/* End PBXProject section */

/* Begin PBXResourcesBuildPhase section */
		0A1FE8712997AC5D00DAEBC2 /* Resources */ = {
			isa = PBXResourcesBuildPhase;
			buildActionMask = 2147483647;
			files = (
				0AD5FB13299BC3AA0096FAF6 /* Inter-SemiBold.ttf in Resources */,
				0AD5FB1B299BC3AA0096FAF6 /* Inter-Bold.ttf in Resources */,
				0A1FE8862997AC5E00DAEBC2 /* LaunchScreen.storyboard in Resources */,
				0A1FE8832997AC5E00DAEBC2 /* Assets.xcassets in Resources */,
				0AD5FB18299BC3AA0096FAF6 /* Inter-Thin.ttf in Resources */,
				0AE50D12299D2DCF001A67D8 /* Localizable.strings in Resources */,
				0AD5FB15299BC3AA0096FAF6 /* Inter-Medium.ttf in Resources */,
				0AD5FB16299BC3AA0096FAF6 /* Inter-Regular.ttf in Resources */,
			);
			runOnlyForDeploymentPostprocessing = 0;
		};
/* End PBXResourcesBuildPhase section */

/* Begin PBXShellScriptBuildPhase section */
		0A1A459A299A4DAB00BD32D3 /* SwiftLint */ = {
			isa = PBXShellScriptBuildPhase;
			buildActionMask = 2147483647;
			files = (
			);
			inputFileListPaths = (
			);
			inputPaths = (
			);
			name = SwiftLint;
			outputFileListPaths = (
			);
			outputPaths = (
			);
			runOnlyForDeploymentPostprocessing = 0;
			shellPath = /bin/sh;
			shellScript = "\"${PODS_ROOT}/SwiftLint/swiftlint\"\n";
		};
		0A1A459B299A4DB700BD32D3 /* R.Swift */ = {
			isa = PBXShellScriptBuildPhase;
			alwaysOutOfDate = 1;
			buildActionMask = 2147483647;
			files = (
			);
			inputFileListPaths = (
			);
			inputPaths = (
			);
			name = R.Swift;
			outputFileListPaths = (
			);
			outputPaths = (
				$SRCROOT/R.generated.swift,
			);
			runOnlyForDeploymentPostprocessing = 0;
			shellPath = /bin/sh;
			shellScript = "\"$PODS_ROOT/R.swift/rswift\" generate \"$SRCROOT/R.generated.swift\"\n";
		};
		780AF3AD45EF6CE011612DCD /* [CP] Check Pods Manifest.lock */ = {
			isa = PBXShellScriptBuildPhase;
			buildActionMask = 2147483647;
			files = (
			);
			inputFileListPaths = (
			);
			inputPaths = (
				"${PODS_PODFILE_DIR_PATH}/Podfile.lock",
				"${PODS_ROOT}/Manifest.lock",
			);
			name = "[CP] Check Pods Manifest.lock";
			outputFileListPaths = (
			);
			outputPaths = (
				"$(DERIVED_FILE_DIR)/Pods-Shapely-checkManifestLockResult.txt",
			);
			runOnlyForDeploymentPostprocessing = 0;
			shellPath = /bin/sh;
			shellScript = "diff \"${PODS_PODFILE_DIR_PATH}/Podfile.lock\" \"${PODS_ROOT}/Manifest.lock\" > /dev/null\nif [ $? != 0 ] ; then\n    # print error to STDERR\n    echo \"error: The sandbox is not in sync with the Podfile.lock. Run 'pod install' or update your CocoaPods installation.\" >&2\n    exit 1\nfi\n# This output is used by Xcode 'outputs' to avoid re-running this script phase.\necho \"SUCCESS\" > \"${SCRIPT_OUTPUT_FILE_0}\"\n";
			showEnvVarsInLog = 0;
		};
		C5D8CE8591D3717E39EDA0BA /* [CP] Embed Pods Frameworks */ = {
			isa = PBXShellScriptBuildPhase;
			buildActionMask = 2147483647;
			files = (
			);
			inputFileListPaths = (
				"${PODS_ROOT}/Target Support Files/Pods-Shapely/Pods-Shapely-frameworks-${CONFIGURATION}-input-files.xcfilelist",
			);
			name = "[CP] Embed Pods Frameworks";
			outputFileListPaths = (
				"${PODS_ROOT}/Target Support Files/Pods-Shapely/Pods-Shapely-frameworks-${CONFIGURATION}-output-files.xcfilelist",
			);
			runOnlyForDeploymentPostprocessing = 0;
			shellPath = /bin/sh;
			shellScript = "\"${PODS_ROOT}/Target Support Files/Pods-Shapely/Pods-Shapely-frameworks.sh\"\n";
			showEnvVarsInLog = 0;
		};
/* End PBXShellScriptBuildPhase section */

/* Begin PBXSourcesBuildPhase section */
		0A1FE86F2997AC5D00DAEBC2 /* Sources */ = {
			isa = PBXSourcesBuildPhase;
			buildActionMask = 2147483647;
			files = (
				0A1FE8772997AC5D00DAEBC2 /* AppDelegate.swift in Sources */,
				0AE35E1929A084CA00FEFD58 /* InitialStartTitleCell.swift in Sources */,
				0ADE995629991DC7001EE33E /* LaunchPresenter.swift in Sources */,
				0A0CB92E299FBC1E0086AA9B /* InitialStartPictureCell.swift in Sources */,
				0AE437C129A35E7400B43A4B /* InitialStartEditCellViewModel.swift in Sources */,
				0A20A0E029B6F20F00CEA48E /* HomeViewController.swift in Sources */,
				0A20A0E629B6FC2400CEA48E /* MainControlHeaderCellViewModel.swift in Sources */,
				0ADE9941299910F3001EE33E /* DefaultTheme.swift in Sources */,
				0A33B42329A2390900F2685B /* InitialStartTapeCellViewModel.swift in Sources */,
				0A0CB914299F964F0086AA9B /* UIViewStyle.swift in Sources */,
				0A33B42E29A23E3300F2685B /* ActivityLevelViewController.swift in Sources */,
				0ADE995529991DC7001EE33E /* LaunchModule.swift in Sources */,
				0AE50D0B299D2895001A67D8 /* InitialStartPresenter.swift in Sources */,
				0A0CB912299F91CE0086AA9B /* ConfirmView.swift in Sources */,
				0AE437D129A37C7200B43A4B /* UICollectionViewStyle.swift in Sources */,
				0A0CB926299FB96B0086AA9B /* MainHeaderCellViewModel.swift in Sources */,
				0A20A0FA29B7509A00CEA48E /* AddWidgetCellViewModel.swift in Sources */,
				0A1FEA752997B61600DAEBC2 /* PreparableHeaderTableCell.swift in Sources */,
				0A1FEA762997B61600DAEBC2 /* PreparableTableCell.swift in Sources */,
				0AE35E2629A0A03800FEFD58 /* Gender.swift in Sources */,
				0ADE9940299910F3001EE33E /* DefaultColorPalette.swift in Sources */,
				0A20A0E129B6F20F00CEA48E /* HomeTableAdapter.swift in Sources */,
				0AE35E1729A0848B00FEFD58 /* InitialStartSegmentCellViewModel.swift in Sources */,
				0A33B43929A2534400F2685B /* UINavigationBarStyle.swift in Sources */,
				0A1FE8912997B17900DAEBC2 /* MainCoordinator.swift in Sources */,
				0AE35E3029A0D29800FEFD58 /* UICalendarViewStyle.swift in Sources */,
				0A1FE8942997B1D600DAEBC2 /* AppAssembly.swift in Sources */,
				0A0CB933299FC01D0086AA9B /* InitialStartPack.swift in Sources */,
				0A1FEA802997B61600DAEBC2 /* Weakify.swift in Sources */,
				0A33B41F29A233B600F2685B /* DateFormat.swift in Sources */,
				0AF2D06C299B731C0054CC0B /* R.generated.swift in Sources */,
				0AE437C329A3629000B43A4B /* Measure.swift in Sources */,
				0AE35E3729A1051A00FEFD58 /* UIToolbarStyle.swift in Sources */,
				0ADE995829991DC7001EE33E /* LaunchViewController.swift in Sources */,
				0A20A0DD29B6F20F00CEA48E /* HomeModule.swift in Sources */,
				0AE50D0D299D2895001A67D8 /* InitialStartViewController.swift in Sources */,
				0A1FE9E22997B61600DAEBC2 /* Theme.swift in Sources */,
				0AE50D0F299D2895001A67D8 /* InitialStartServiceProvider.swift in Sources */,
				0ADE995A29991DC7001EE33E /* LaunchServiceProvider.swift in Sources */,
				0AE437BF29A35E5C00B43A4B /* InitialStartEditCell.swift in Sources */,
				0A0CB928299FB97A0086AA9B /* MainHeaderCell.swift in Sources */,
				0A0BCFD729A1DF9E0082B2DD /* UIAlertController.swift in Sources */,
				0A1FE9DD2997B61600DAEBC2 /* MainAppDelegate.swift in Sources */,
				0AE437CD29A3785100B43A4B /* InitialStartTapeUnitCellViewModel.swift in Sources */,
				0A0CB92A299FBAF50086AA9B /* InitialStartTextCell.swift in Sources */,
				0A20A0F229B73E5200CEA48E /* UIStackViewStyle.swift in Sources */,
				0AE50D01299D208C001A67D8 /* ViewBgColor.swift in Sources */,
				0AA2806529A507620064BBB6 /* UITextFieldStyle.swift in Sources */,
				0AE35E2C29A0A44400FEFD58 /* ActivityLevel.swift in Sources */,
				0A20A0F629B7507200CEA48E /* PhotoProgressCellViewModel.swift in Sources */,
				0A1FEA7C2997B61600DAEBC2 /* PreparableViewModel.swift in Sources */,
				0A20A0DF29B6F20F00CEA48E /* HomeRouter.swift in Sources */,
				0AE35E2A29A0A1FE00FEFD58 /* UserData.swift in Sources */,
				0A0CB917299F9AA10086AA9B /* UIView_addSubviews.swift in Sources */,
				0AE35E3529A0FFEC00FEFD58 /* UIButtonStyle.swift in Sources */,
				0A33B42C29A23E3300F2685B /* ActivityLevelPresenter.swift in Sources */,
				0A33B43029A23E3300F2685B /* ActivityLevelServiceProvider.swift in Sources */,
				0A0CB930299FBC290086AA9B /* InitialStartPictureCellViewModel.swift in Sources */,
				0A33B43729A2404800F2685B /* ActivityLevelInfoCellViewModel.swift in Sources */,
				0A20A0E229B6F20F00CEA48E /* HomeServiceProvider.swift in Sources */,
				0A0CB909299F7E8A0086AA9B /* SceneDelegate.swift in Sources */,
				0A0CB90F299F8FC10086AA9B /* ImageViewContentMode.swift in Sources */,
				0A1FE9C52997B61600DAEBC2 /* Functions.swift in Sources */,
				0AE437BD29A3440500B43A4B /* InitialStartParameterCellViewModel.swift in Sources */,
				0A1FEA772997B61600DAEBC2 /* AppModule.swift in Sources */,
				0A20A0E429B6F78B00CEA48E /* MainControlHeaderCell.swift in Sources */,
				0A1FEA7A2997B61600DAEBC2 /* AppRouterImp.swift in Sources */,
				0A0CB92C299FBB0F0086AA9B /* InitialStartTextCellViewModel.swift in Sources */,
				0A20A0EE29B733F900CEA48E /* CaloriesCell.swift in Sources */,
				0A20A0F429B7506500CEA48E /* PhotoProgressCell.swift in Sources */,
				0A20A0DE29B6F20F00CEA48E /* HomePresenter.swift in Sources */,
				0AE35E2129A08F3C00FEFD58 /* UISegmentedControlStyle.swift in Sources */,
				0A20A0FC29B77E5D00CEA48E /* WidgetInfoPack.swift in Sources */,
				0A33B42B29A23E3300F2685B /* ActivityLevelModule.swift in Sources */,
				0AE437D229A37C7200B43A4B /* UICollectionViewFlowLayoutStyle.swift in Sources */,
				0A1FE9DE2997B61600DAEBC2 /* Grid.swift in Sources */,
				0A0CB90D299F8D400086AA9B /* UILabelStyle.swift in Sources */,
				0A1FE8812997AC5D00DAEBC2 /* Shapely.xcdatamodeld in Sources */,
				0A33B42129A238F600F2685B /* InitialStartTapeCell.swift in Sources */,
				0AE50D00299D208C001A67D8 /* LabelFont.swift in Sources */,
				0A20A0F029B738A600CEA48E /* EditingCellStack.swift in Sources */,
				0A1FEA7D2997B61600DAEBC2 /* Preparable.swift in Sources */,
				0AE437CB29A3783600B43A4B /* InitialStartTapeUnitCell.swift in Sources */,
				0ADE9942299910F3001EE33E /* DefaultTypography.swift in Sources */,
				0A20A0EC29B733E900CEA48E /* CaloriesCellViewModel.swift in Sources */,
				0A1FEA782997B61600DAEBC2 /* RootNavigationController.swift in Sources */,
				0A1FEA792997B61600DAEBC2 /* AppRouter.swift in Sources */,
				0AE35E3B29A10E7200FEFD58 /* InitialStartMapper.swift in Sources */,
				0AE35E3229A0E9E000FEFD58 /* CalendarView.swift in Sources */,
				0A20A0F829B7508E00CEA48E /* AddWidgetCell.swift in Sources */,
				0A1FEA7B2997B61600DAEBC2 /* AppRouter+Extension.swift in Sources */,
				0AE437BB29A343F500B43A4B /* InitialStartParameterCell.swift in Sources */,
				0A33B43429A2400100F2685B /* ActivityLevelInfoCell.swift in Sources */,
				0AE35E2829A0A05200FEFD58 /* UserTarget.swift in Sources */,
				0A1FEA742997B61600DAEBC2 /* PreparableCollectionCell.swift in Sources */,
				0A1FEA732997B61600DAEBC2 /* PreparableHeaderCollectionCell.swift in Sources */,
				0AE50D0C299D2895001A67D8 /* InitialStartRouter.swift in Sources */,
				0A1FEA7F2997B61600DAEBC2 /* Command.swift in Sources */,
				0A1FE9C22997B61600DAEBC2 /* NSObject+ClassName.swift in Sources */,
				0AE50D0A299D2895001A67D8 /* InitialStartModule.swift in Sources */,
				0AE35E1D29A084F600FEFD58 /* InitialStartDataCellViewModel.swift in Sources */,
				0AA2806329A4E8C00064BBB6 /* DialogController.swift in Sources */,
				0AE35E1F29A0850700FEFD58 /* InitialStartTitleCellViewModel.swift in Sources */,
				0A33B42D29A23E3300F2685B /* ActivityLevelRouter.swift in Sources */,
				0AF47FC729A5EC2E00BFD70D /* CalorieCalculator.swift in Sources */,
				0A1FE9E02997B61600DAEBC2 /* Stylable.swift in Sources */,
				0A04628029A637DF00E70D0B /* UIImage.swift in Sources */,
				0A1FE9CA2997B61600DAEBC2 /* SwinjectExtensions.swift in Sources */,
				0AE35E1529A0847700FEFD58 /* InitialStartSegmentCell.swift in Sources */,
				0A0CB91A299FB5970086AA9B /* InitialStartTableAdapter.swift in Sources */,
				0A0CB91C299FB7DD0086AA9B /* UITableViewStyle.swift in Sources */,
				0AE35E2E29A0A56F00FEFD58 /* TreckingParameter.swift in Sources */,
				0AE35E1B29A084E200FEFD58 /* InitialStartDataCell.swift in Sources */,
				0A1FE9E12997B61600DAEBC2 /* ColorPalette.swift in Sources */,
				0A33B42F29A23E3300F2685B /* ActivityLevelTableAdapter.swift in Sources */,
				0A1FE9DF2997B61600DAEBC2 /* Typography.swift in Sources */,
				0A1FE9C82997B61600DAEBC2 /* PropsProducerConsumer.swift in Sources */,
				0ADE995729991DC7001EE33E /* LaunchRouter.swift in Sources */,
			);
			runOnlyForDeploymentPostprocessing = 0;
		};
/* End PBXSourcesBuildPhase section */

/* Begin PBXVariantGroup section */
		0A1FE8842997AC5E00DAEBC2 /* LaunchScreen.storyboard */ = {
			isa = PBXVariantGroup;
			children = (
				0A1FE8852997AC5E00DAEBC2 /* Base */,
			);
			name = LaunchScreen.storyboard;
			sourceTree = "<group>";
		};
/* End PBXVariantGroup section */

/* Begin XCBuildConfiguration section */
		0A1FE8882997AC5E00DAEBC2 /* Debug */ = {
			isa = XCBuildConfiguration;
			buildSettings = {
				ALWAYS_SEARCH_USER_PATHS = NO;
				CLANG_ANALYZER_NONNULL = YES;
				CLANG_ANALYZER_NUMBER_OBJECT_CONVERSION = YES_AGGRESSIVE;
				CLANG_CXX_LANGUAGE_STANDARD = "gnu++20";
				CLANG_ENABLE_MODULES = YES;
				CLANG_ENABLE_OBJC_ARC = YES;
				CLANG_ENABLE_OBJC_WEAK = YES;
				CLANG_WARN_BLOCK_CAPTURE_AUTORELEASING = YES;
				CLANG_WARN_BOOL_CONVERSION = YES;
				CLANG_WARN_COMMA = YES;
				CLANG_WARN_CONSTANT_CONVERSION = YES;
				CLANG_WARN_DEPRECATED_OBJC_IMPLEMENTATIONS = YES;
				CLANG_WARN_DIRECT_OBJC_ISA_USAGE = YES_ERROR;
				CLANG_WARN_DOCUMENTATION_COMMENTS = YES;
				CLANG_WARN_EMPTY_BODY = YES;
				CLANG_WARN_ENUM_CONVERSION = YES;
				CLANG_WARN_INFINITE_RECURSION = YES;
				CLANG_WARN_INT_CONVERSION = YES;
				CLANG_WARN_NON_LITERAL_NULL_CONVERSION = YES;
				CLANG_WARN_OBJC_IMPLICIT_RETAIN_SELF = YES;
				CLANG_WARN_OBJC_LITERAL_CONVERSION = YES;
				CLANG_WARN_OBJC_ROOT_CLASS = YES_ERROR;
				CLANG_WARN_QUOTED_INCLUDE_IN_FRAMEWORK_HEADER = YES;
				CLANG_WARN_RANGE_LOOP_ANALYSIS = YES;
				CLANG_WARN_STRICT_PROTOTYPES = YES;
				CLANG_WARN_SUSPICIOUS_MOVE = YES;
				CLANG_WARN_UNGUARDED_AVAILABILITY = YES_AGGRESSIVE;
				CLANG_WARN_UNREACHABLE_CODE = YES;
				CLANG_WARN__DUPLICATE_METHOD_MATCH = YES;
				COPY_PHASE_STRIP = NO;
				DEBUG_INFORMATION_FORMAT = dwarf;
				ENABLE_STRICT_OBJC_MSGSEND = YES;
				ENABLE_TESTABILITY = YES;
				GCC_C_LANGUAGE_STANDARD = gnu11;
				GCC_DYNAMIC_NO_PIC = NO;
				GCC_NO_COMMON_BLOCKS = YES;
				GCC_OPTIMIZATION_LEVEL = 0;
				GCC_PREPROCESSOR_DEFINITIONS = (
					"DEBUG=1",
					"$(inherited)",
				);
				GCC_WARN_64_TO_32_BIT_CONVERSION = YES;
				GCC_WARN_ABOUT_RETURN_TYPE = YES_ERROR;
				GCC_WARN_UNDECLARED_SELECTOR = YES;
				GCC_WARN_UNINITIALIZED_AUTOS = YES_AGGRESSIVE;
				GCC_WARN_UNUSED_FUNCTION = YES;
				GCC_WARN_UNUSED_VARIABLE = YES;
				IPHONEOS_DEPLOYMENT_TARGET = 16.0;
				MTL_ENABLE_DEBUG_INFO = INCLUDE_SOURCE;
				MTL_FAST_MATH = YES;
				ONLY_ACTIVE_ARCH = YES;
				SDKROOT = iphoneos;
				SWIFT_ACTIVE_COMPILATION_CONDITIONS = DEBUG;
				SWIFT_OPTIMIZATION_LEVEL = "-Onone";
			};
			name = Debug;
		};
		0A1FE8892997AC5E00DAEBC2 /* Release */ = {
			isa = XCBuildConfiguration;
			buildSettings = {
				ALWAYS_SEARCH_USER_PATHS = NO;
				CLANG_ANALYZER_NONNULL = YES;
				CLANG_ANALYZER_NUMBER_OBJECT_CONVERSION = YES_AGGRESSIVE;
				CLANG_CXX_LANGUAGE_STANDARD = "gnu++20";
				CLANG_ENABLE_MODULES = YES;
				CLANG_ENABLE_OBJC_ARC = YES;
				CLANG_ENABLE_OBJC_WEAK = YES;
				CLANG_WARN_BLOCK_CAPTURE_AUTORELEASING = YES;
				CLANG_WARN_BOOL_CONVERSION = YES;
				CLANG_WARN_COMMA = YES;
				CLANG_WARN_CONSTANT_CONVERSION = YES;
				CLANG_WARN_DEPRECATED_OBJC_IMPLEMENTATIONS = YES;
				CLANG_WARN_DIRECT_OBJC_ISA_USAGE = YES_ERROR;
				CLANG_WARN_DOCUMENTATION_COMMENTS = YES;
				CLANG_WARN_EMPTY_BODY = YES;
				CLANG_WARN_ENUM_CONVERSION = YES;
				CLANG_WARN_INFINITE_RECURSION = YES;
				CLANG_WARN_INT_CONVERSION = YES;
				CLANG_WARN_NON_LITERAL_NULL_CONVERSION = YES;
				CLANG_WARN_OBJC_IMPLICIT_RETAIN_SELF = YES;
				CLANG_WARN_OBJC_LITERAL_CONVERSION = YES;
				CLANG_WARN_OBJC_ROOT_CLASS = YES_ERROR;
				CLANG_WARN_QUOTED_INCLUDE_IN_FRAMEWORK_HEADER = YES;
				CLANG_WARN_RANGE_LOOP_ANALYSIS = YES;
				CLANG_WARN_STRICT_PROTOTYPES = YES;
				CLANG_WARN_SUSPICIOUS_MOVE = YES;
				CLANG_WARN_UNGUARDED_AVAILABILITY = YES_AGGRESSIVE;
				CLANG_WARN_UNREACHABLE_CODE = YES;
				CLANG_WARN__DUPLICATE_METHOD_MATCH = YES;
				COPY_PHASE_STRIP = NO;
				DEBUG_INFORMATION_FORMAT = "dwarf-with-dsym";
				ENABLE_NS_ASSERTIONS = NO;
				ENABLE_STRICT_OBJC_MSGSEND = YES;
				GCC_C_LANGUAGE_STANDARD = gnu11;
				GCC_NO_COMMON_BLOCKS = YES;
				GCC_WARN_64_TO_32_BIT_CONVERSION = YES;
				GCC_WARN_ABOUT_RETURN_TYPE = YES_ERROR;
				GCC_WARN_UNDECLARED_SELECTOR = YES;
				GCC_WARN_UNINITIALIZED_AUTOS = YES_AGGRESSIVE;
				GCC_WARN_UNUSED_FUNCTION = YES;
				GCC_WARN_UNUSED_VARIABLE = YES;
				IPHONEOS_DEPLOYMENT_TARGET = 16.0;
				MTL_ENABLE_DEBUG_INFO = NO;
				MTL_FAST_MATH = YES;
				SDKROOT = iphoneos;
				SWIFT_COMPILATION_MODE = wholemodule;
				SWIFT_OPTIMIZATION_LEVEL = "-O";
				VALIDATE_PRODUCT = YES;
			};
			name = Release;
		};
		0A1FE88B2997AC5E00DAEBC2 /* Debug */ = {
			isa = XCBuildConfiguration;
			baseConfigurationReference = 9CEFA55E26493E2C0D066303 /* Pods-Shapely.debug.xcconfig */;
			buildSettings = {
				ASSETCATALOG_COMPILER_APPICON_NAME = AppIcon;
				ASSETCATALOG_COMPILER_GLOBAL_ACCENT_COLOR_NAME = AccentColor;
				CODE_SIGN_STYLE = Automatic;
				CURRENT_PROJECT_VERSION = 1;
				DEVELOPMENT_TEAM = 72MC98L3UR;
				GENERATE_INFOPLIST_FILE = YES;
				INFOPLIST_FILE = Shapely/Info.plist;
				INFOPLIST_KEY_UIApplicationSupportsIndirectInputEvents = YES;
				INFOPLIST_KEY_UILaunchStoryboardName = LaunchScreen;
				INFOPLIST_KEY_UIMainStoryboardFile = "";
				INFOPLIST_KEY_UISupportedInterfaceOrientations_iPad = "UIInterfaceOrientationPortrait UIInterfaceOrientationPortraitUpsideDown UIInterfaceOrientationLandscapeLeft UIInterfaceOrientationLandscapeRight";
				INFOPLIST_KEY_UISupportedInterfaceOrientations_iPhone = "UIInterfaceOrientationPortrait UIInterfaceOrientationLandscapeLeft UIInterfaceOrientationLandscapeRight";
				IPHONEOS_DEPLOYMENT_TARGET = 16.0;
				LD_RUNPATH_SEARCH_PATHS = (
					"$(inherited)",
					"@executable_path/Frameworks",
				);
				MARKETING_VERSION = 1.0;
				PRODUCT_BUNDLE_IDENTIFIER = T.Shapely;
				PRODUCT_NAME = "$(TARGET_NAME)";
				SWIFT_EMIT_LOC_STRINGS = YES;
				SWIFT_VERSION = 5.0;
				TARGETED_DEVICE_FAMILY = "1,2";
			};
			name = Debug;
		};
		0A1FE88C2997AC5E00DAEBC2 /* Release */ = {
			isa = XCBuildConfiguration;
			baseConfigurationReference = 68243EA88468E329AB0F5E50 /* Pods-Shapely.release.xcconfig */;
			buildSettings = {
				ASSETCATALOG_COMPILER_APPICON_NAME = AppIcon;
				ASSETCATALOG_COMPILER_GLOBAL_ACCENT_COLOR_NAME = AccentColor;
				CODE_SIGN_STYLE = Automatic;
				CURRENT_PROJECT_VERSION = 1;
				DEVELOPMENT_TEAM = 72MC98L3UR;
				GENERATE_INFOPLIST_FILE = YES;
				INFOPLIST_FILE = Shapely/Info.plist;
				INFOPLIST_KEY_UIApplicationSupportsIndirectInputEvents = YES;
				INFOPLIST_KEY_UILaunchStoryboardName = LaunchScreen;
				INFOPLIST_KEY_UIMainStoryboardFile = "";
				INFOPLIST_KEY_UISupportedInterfaceOrientations_iPad = "UIInterfaceOrientationPortrait UIInterfaceOrientationPortraitUpsideDown UIInterfaceOrientationLandscapeLeft UIInterfaceOrientationLandscapeRight";
				INFOPLIST_KEY_UISupportedInterfaceOrientations_iPhone = "UIInterfaceOrientationPortrait UIInterfaceOrientationLandscapeLeft UIInterfaceOrientationLandscapeRight";
				IPHONEOS_DEPLOYMENT_TARGET = 16.0;
				LD_RUNPATH_SEARCH_PATHS = (
					"$(inherited)",
					"@executable_path/Frameworks",
				);
				MARKETING_VERSION = 1.0;
				PRODUCT_BUNDLE_IDENTIFIER = T.Shapely;
				PRODUCT_NAME = "$(TARGET_NAME)";
				SWIFT_EMIT_LOC_STRINGS = YES;
				SWIFT_VERSION = 5.0;
				TARGETED_DEVICE_FAMILY = "1,2";
			};
			name = Release;
		};
/* End XCBuildConfiguration section */

/* Begin XCConfigurationList section */
		0A1FE86E2997AC5D00DAEBC2 /* Build configuration list for PBXProject "Shapely" */ = {
			isa = XCConfigurationList;
			buildConfigurations = (
				0A1FE8882997AC5E00DAEBC2 /* Debug */,
				0A1FE8892997AC5E00DAEBC2 /* Release */,
			);
			defaultConfigurationIsVisible = 0;
			defaultConfigurationName = Release;
		};
		0A1FE88A2997AC5E00DAEBC2 /* Build configuration list for PBXNativeTarget "Shapely" */ = {
			isa = XCConfigurationList;
			buildConfigurations = (
				0A1FE88B2997AC5E00DAEBC2 /* Debug */,
				0A1FE88C2997AC5E00DAEBC2 /* Release */,
			);
			defaultConfigurationIsVisible = 0;
			defaultConfigurationName = Release;
		};
/* End XCConfigurationList section */

/* Begin XCVersionGroup section */
		0A1FE87F2997AC5D00DAEBC2 /* Shapely.xcdatamodeld */ = {
			isa = XCVersionGroup;
			children = (
				0A1FE8802997AC5D00DAEBC2 /* Shapely.xcdatamodel */,
			);
			currentVersion = 0A1FE8802997AC5D00DAEBC2 /* Shapely.xcdatamodel */;
			path = Shapely.xcdatamodeld;
			sourceTree = "<group>";
			versionGroupType = wrapper.xcdatamodel;
		};
/* End XCVersionGroup section */
	};
	rootObject = 0A1FE86B2997AC5D00DAEBC2 /* Project object */;
}
